// !$*UTF8*$!
{
	archiveVersion = 1;
	classes = {
	};
	objectVersion = 77;
	objects = {

/* Begin PBXBuildFile section */
		62B21091DF2D04251130DA98 /* Pods_hyu_gProjectTests.framework in Frameworks */ = {isa = PBXBuildFile; fileRef = C1E0B5E18A9A17BFCE5A91D7 /* Pods_hyu_gProjectTests.framework */; };
		AA11A3932CEED64A007A2502 /* Podfile in Resources */ = {isa = PBXBuildFile; fileRef = AA11A3922CEED64A007A2502 /* Podfile */; };
		AA11A3942CEED64A007A2502 /* GoogleService-Info.plist in Resources */ = {isa = PBXBuildFile; fileRef = AA11A3912CEED64A007A2502 /* GoogleService-Info.plist */; };
		E7C7B5E097E332150914F1D4 /* Pods_hyu_gProject.framework in Frameworks */ = {isa = PBXBuildFile; fileRef = 86A7EB3DCECF5B63E77A4791 /* Pods_hyu_gProject.framework */; };
		FAC795895A5B760CB4031078 /* Pods_hyu_gProject_hyu_gProjectUITests.framework in Frameworks */ = {isa = PBXBuildFile; fileRef = 4C25168431287567902629EA /* Pods_hyu_gProject_hyu_gProjectUITests.framework */; };
/* End PBXBuildFile section */

/* Begin PBXContainerItemProxy section */
		AA7AC1E72CE3BA8500B6D401 /* PBXContainerItemProxy */ = {
			isa = PBXContainerItemProxy;
			containerPortal = AA7AC1CE2CE3BA8200B6D401 /* Project object */;
			proxyType = 1;
			remoteGlobalIDString = AA7AC1D52CE3BA8200B6D401;
			remoteInfo = hyu_gProject;
		};
		AA7AC1F12CE3BA8500B6D401 /* PBXContainerItemProxy */ = {
			isa = PBXContainerItemProxy;
			containerPortal = AA7AC1CE2CE3BA8200B6D401 /* Project object */;
			proxyType = 1;
			remoteGlobalIDString = AA7AC1D52CE3BA8200B6D401;
			remoteInfo = hyu_gProject;
		};
/* End PBXContainerItemProxy section */

/* Begin PBXFileReference section */
		040E69CE127D397AA84A0970 /* Pods-hyu_gProjectTests.debug.xcconfig */ = {isa = PBXFileReference; includeInIndex = 1; lastKnownFileType = text.xcconfig; name = "Pods-hyu_gProjectTests.debug.xcconfig"; path = "Target Support Files/Pods-hyu_gProjectTests/Pods-hyu_gProjectTests.debug.xcconfig"; sourceTree = "<group>"; };
		0AED95B7FB6413DCE19D1642 /* Pods-hyu_gProject-hyu_gProjectUITests.debug.xcconfig */ = {isa = PBXFileReference; includeInIndex = 1; lastKnownFileType = text.xcconfig; name = "Pods-hyu_gProject-hyu_gProjectUITests.debug.xcconfig"; path = "Target Support Files/Pods-hyu_gProject-hyu_gProjectUITests/Pods-hyu_gProject-hyu_gProjectUITests.debug.xcconfig"; sourceTree = "<group>"; };
		1B84105BB29D2EECB61CFFB7 /* Pods-hyu_gProject.release.xcconfig */ = {isa = PBXFileReference; includeInIndex = 1; lastKnownFileType = text.xcconfig; name = "Pods-hyu_gProject.release.xcconfig"; path = "Target Support Files/Pods-hyu_gProject/Pods-hyu_gProject.release.xcconfig"; sourceTree = "<group>"; };
		4C25168431287567902629EA /* Pods_hyu_gProject_hyu_gProjectUITests.framework */ = {isa = PBXFileReference; explicitFileType = wrapper.framework; includeInIndex = 0; path = Pods_hyu_gProject_hyu_gProjectUITests.framework; sourceTree = BUILT_PRODUCTS_DIR; };
		7AB28779E7EB85BD6798CB05 /* Pods-hyu_gProject.debug.xcconfig */ = {isa = PBXFileReference; includeInIndex = 1; lastKnownFileType = text.xcconfig; name = "Pods-hyu_gProject.debug.xcconfig"; path = "Target Support Files/Pods-hyu_gProject/Pods-hyu_gProject.debug.xcconfig"; sourceTree = "<group>"; };
		86A7EB3DCECF5B63E77A4791 /* Pods_hyu_gProject.framework */ = {isa = PBXFileReference; explicitFileType = wrapper.framework; includeInIndex = 0; path = Pods_hyu_gProject.framework; sourceTree = BUILT_PRODUCTS_DIR; };
		AA11A3912CEED64A007A2502 /* GoogleService-Info.plist */ = {isa = PBXFileReference; lastKnownFileType = text.plist.xml; path = "GoogleService-Info.plist"; sourceTree = "<group>"; };
		AA11A3922CEED64A007A2502 /* Podfile */ = {isa = PBXFileReference; lastKnownFileType = text; path = Podfile; sourceTree = "<group>"; };
		AA7AC1D62CE3BA8200B6D401 /* hyu_gProject.app */ = {isa = PBXFileReference; explicitFileType = wrapper.application; includeInIndex = 0; path = hyu_gProject.app; sourceTree = BUILT_PRODUCTS_DIR; };
		AA7AC1E62CE3BA8500B6D401 /* hyu_gProjectTests.xctest */ = {isa = PBXFileReference; explicitFileType = wrapper.cfbundle; includeInIndex = 0; path = hyu_gProjectTests.xctest; sourceTree = BUILT_PRODUCTS_DIR; };
		AA7AC1F02CE3BA8500B6D401 /* hyu_gProjectUITests.xctest */ = {isa = PBXFileReference; explicitFileType = wrapper.cfbundle; includeInIndex = 0; path = hyu_gProjectUITests.xctest; sourceTree = BUILT_PRODUCTS_DIR; };
		C1E0B5E18A9A17BFCE5A91D7 /* Pods_hyu_gProjectTests.framework */ = {isa = PBXFileReference; explicitFileType = wrapper.framework; includeInIndex = 0; path = Pods_hyu_gProjectTests.framework; sourceTree = BUILT_PRODUCTS_DIR; };
		D6A0DBE9A3B04BFE0D37A472 /* Pods-hyu_gProjectTests.release.xcconfig */ = {isa = PBXFileReference; includeInIndex = 1; lastKnownFileType = text.xcconfig; name = "Pods-hyu_gProjectTests.release.xcconfig"; path = "Target Support Files/Pods-hyu_gProjectTests/Pods-hyu_gProjectTests.release.xcconfig"; sourceTree = "<group>"; };
		FFAD9CCC595DC4BA39EDBEB0 /* Pods-hyu_gProject-hyu_gProjectUITests.release.xcconfig */ = {isa = PBXFileReference; includeInIndex = 1; lastKnownFileType = text.xcconfig; name = "Pods-hyu_gProject-hyu_gProjectUITests.release.xcconfig"; path = "Target Support Files/Pods-hyu_gProject-hyu_gProjectUITests/Pods-hyu_gProject-hyu_gProjectUITests.release.xcconfig"; sourceTree = "<group>"; };
/* End PBXFileReference section */

/* Begin PBXFileSystemSynchronizedRootGroup section */
		AA7AC1D82CE3BA8200B6D401 /* hyu_gProject */ = {
			isa = PBXFileSystemSynchronizedRootGroup;
			exceptions = (
			);
			path = hyu_gProject;
			sourceTree = "<group>";
		};
		AA7AC1E92CE3BA8500B6D401 /* hyu_gProjectTests */ = {
			isa = PBXFileSystemSynchronizedRootGroup;
			exceptions = (
			);
			path = hyu_gProjectTests;
			sourceTree = "<group>";
		};
		AA7AC1F32CE3BA8500B6D401 /* hyu_gProjectUITests */ = {
			isa = PBXFileSystemSynchronizedRootGroup;
			exceptions = (
			);
			path = hyu_gProjectUITests;
			sourceTree = "<group>";
		};
/* End PBXFileSystemSynchronizedRootGroup section */

/* Begin PBXFrameworksBuildPhase section */
		AA7AC1D32CE3BA8200B6D401 /* Frameworks */ = {
			isa = PBXFrameworksBuildPhase;
			buildActionMask = 2147483647;
			files = (
				E7C7B5E097E332150914F1D4 /* Pods_hyu_gProject.framework in Frameworks */,
			);
			runOnlyForDeploymentPostprocessing = 0;
		};
		AA7AC1E32CE3BA8500B6D401 /* Frameworks */ = {
			isa = PBXFrameworksBuildPhase;
			buildActionMask = 2147483647;
			files = (
				62B21091DF2D04251130DA98 /* Pods_hyu_gProjectTests.framework in Frameworks */,
			);
			runOnlyForDeploymentPostprocessing = 0;
		};
		AA7AC1ED2CE3BA8500B6D401 /* Frameworks */ = {
			isa = PBXFrameworksBuildPhase;
			buildActionMask = 2147483647;
			files = (
				FAC795895A5B760CB4031078 /* Pods_hyu_gProject_hyu_gProjectUITests.framework in Frameworks */,
			);
			runOnlyForDeploymentPostprocessing = 0;
		};
/* End PBXFrameworksBuildPhase section */

/* Begin PBXGroup section */
		5CF98D18F5AD24B8FA9E5532 /* Frameworks */ = {
			isa = PBXGroup;
			children = (
				86A7EB3DCECF5B63E77A4791 /* Pods_hyu_gProject.framework */,
				4C25168431287567902629EA /* Pods_hyu_gProject_hyu_gProjectUITests.framework */,
				C1E0B5E18A9A17BFCE5A91D7 /* Pods_hyu_gProjectTests.framework */,
			);
			name = Frameworks;
			sourceTree = "<group>";
		};
		6BC24802698FE2FFE0C58886 /* Pods */ = {
			isa = PBXGroup;
			children = (
				7AB28779E7EB85BD6798CB05 /* Pods-hyu_gProject.debug.xcconfig */,
				1B84105BB29D2EECB61CFFB7 /* Pods-hyu_gProject.release.xcconfig */,
				0AED95B7FB6413DCE19D1642 /* Pods-hyu_gProject-hyu_gProjectUITests.debug.xcconfig */,
				FFAD9CCC595DC4BA39EDBEB0 /* Pods-hyu_gProject-hyu_gProjectUITests.release.xcconfig */,
				040E69CE127D397AA84A0970 /* Pods-hyu_gProjectTests.debug.xcconfig */,
				D6A0DBE9A3B04BFE0D37A472 /* Pods-hyu_gProjectTests.release.xcconfig */,
			);
			name = Pods;
			path = Pods;
			sourceTree = "<group>";
		};
		AA7AC1CD2CE3BA8200B6D401 = {
			isa = PBXGroup;
			children = (
				AA7AC1D82CE3BA8200B6D401 /* hyu_gProject */,
				AA7AC1E92CE3BA8500B6D401 /* hyu_gProjectTests */,
				AA7AC1F32CE3BA8500B6D401 /* hyu_gProjectUITests */,
				AA7AC1D72CE3BA8200B6D401 /* Products */,
				AA11A3912CEED64A007A2502 /* GoogleService-Info.plist */,
				AA11A3922CEED64A007A2502 /* Podfile */,
				6BC24802698FE2FFE0C58886 /* Pods */,
				5CF98D18F5AD24B8FA9E5532 /* Frameworks */,
			);
			sourceTree = "<group>";
		};
		AA7AC1D72CE3BA8200B6D401 /* Products */ = {
			isa = PBXGroup;
			children = (
				AA7AC1D62CE3BA8200B6D401 /* hyu_gProject.app */,
				AA7AC1E62CE3BA8500B6D401 /* hyu_gProjectTests.xctest */,
				AA7AC1F02CE3BA8500B6D401 /* hyu_gProjectUITests.xctest */,
			);
			name = Products;
			sourceTree = "<group>";
		};
/* End PBXGroup section */

/* Begin PBXNativeTarget section */
		AA7AC1D52CE3BA8200B6D401 /* hyu_gProject */ = {
			isa = PBXNativeTarget;
			buildConfigurationList = AA7AC1FA2CE3BA8500B6D401 /* Build configuration list for PBXNativeTarget "hyu_gProject" */;
			buildPhases = (
				714616FC45966160A4578AB9 /* [CP] Check Pods Manifest.lock */,
				AA7AC1D22CE3BA8200B6D401 /* Sources */,
				AA7AC1D32CE3BA8200B6D401 /* Frameworks */,
				AA7AC1D42CE3BA8200B6D401 /* Resources */,
				BA2612033913ABDF54587EC6 /* [CP] Embed Pods Frameworks */,
			);
			buildRules = (
			);
			dependencies = (
			);
			fileSystemSynchronizedGroups = (
				AA7AC1D82CE3BA8200B6D401 /* hyu_gProject */,
			);
			name = hyu_gProject;
			productName = hyu_gProject;
			productReference = AA7AC1D62CE3BA8200B6D401 /* hyu_gProject.app */;
			productType = "com.apple.product-type.application";
		};
		AA7AC1E52CE3BA8500B6D401 /* hyu_gProjectTests */ = {
			isa = PBXNativeTarget;
			buildConfigurationList = AA7AC1FD2CE3BA8500B6D401 /* Build configuration list for PBXNativeTarget "hyu_gProjectTests" */;
			buildPhases = (
				9EB2E741D4A423034829834A /* [CP] Check Pods Manifest.lock */,
				AA7AC1E22CE3BA8500B6D401 /* Sources */,
				AA7AC1E32CE3BA8500B6D401 /* Frameworks */,
				AA7AC1E42CE3BA8500B6D401 /* Resources */,
			);
			buildRules = (
			);
			dependencies = (
				AA7AC1E82CE3BA8500B6D401 /* PBXTargetDependency */,
			);
			fileSystemSynchronizedGroups = (
				AA7AC1E92CE3BA8500B6D401 /* hyu_gProjectTests */,
			);
			name = hyu_gProjectTests;
			productName = hyu_gProjectTests;
			productReference = AA7AC1E62CE3BA8500B6D401 /* hyu_gProjectTests.xctest */;
			productType = "com.apple.product-type.bundle.unit-test";
		};
		AA7AC1EF2CE3BA8500B6D401 /* hyu_gProjectUITests */ = {
			isa = PBXNativeTarget;
			buildConfigurationList = AA7AC2002CE3BA8500B6D401 /* Build configuration list for PBXNativeTarget "hyu_gProjectUITests" */;
			buildPhases = (
				1A1E91006FFCD5398C642B0D /* [CP] Check Pods Manifest.lock */,
				AA7AC1EC2CE3BA8500B6D401 /* Sources */,
				AA7AC1ED2CE3BA8500B6D401 /* Frameworks */,
				AA7AC1EE2CE3BA8500B6D401 /* Resources */,
				7FF0D922290A1935985AF5FE /* [CP] Embed Pods Frameworks */,
			);
			buildRules = (
			);
			dependencies = (
				AA7AC1F22CE3BA8500B6D401 /* PBXTargetDependency */,
			);
			fileSystemSynchronizedGroups = (
				AA7AC1F32CE3BA8500B6D401 /* hyu_gProjectUITests */,
			);
			name = hyu_gProjectUITests;
			productName = hyu_gProjectUITests;
			productReference = AA7AC1F02CE3BA8500B6D401 /* hyu_gProjectUITests.xctest */;
			productType = "com.apple.product-type.bundle.ui-testing";
		};
/* End PBXNativeTarget section */

/* Begin PBXProject section */
		AA7AC1CE2CE3BA8200B6D401 /* Project object */ = {
			isa = PBXProject;
			attributes = {
				BuildIndependentTargetsInParallel = 1;
				LastSwiftUpdateCheck = 1600;
				LastUpgradeCheck = 1600;
				TargetAttributes = {
					AA7AC1D52CE3BA8200B6D401 = {
						CreatedOnToolsVersion = 16.0;
					};
					AA7AC1E52CE3BA8500B6D401 = {
						CreatedOnToolsVersion = 16.0;
						TestTargetID = AA7AC1D52CE3BA8200B6D401;
					};
					AA7AC1EF2CE3BA8500B6D401 = {
						CreatedOnToolsVersion = 16.0;
						TestTargetID = AA7AC1D52CE3BA8200B6D401;
					};
				};
			};
			buildConfigurationList = AA7AC1D12CE3BA8200B6D401 /* Build configuration list for PBXProject "hyu_gProject" */;
			developmentRegion = en;
			hasScannedForEncodings = 0;
			knownRegions = (
				en,
				Base,
			);
			mainGroup = AA7AC1CD2CE3BA8200B6D401;
			minimizedProjectReferenceProxies = 1;
			preferredProjectObjectVersion = 77;
			productRefGroup = AA7AC1D72CE3BA8200B6D401 /* Products */;
			projectDirPath = "";
			projectRoot = "";
			targets = (
				AA7AC1D52CE3BA8200B6D401 /* hyu_gProject */,
				AA7AC1E52CE3BA8500B6D401 /* hyu_gProjectTests */,
				AA7AC1EF2CE3BA8500B6D401 /* hyu_gProjectUITests */,
			);
		};
/* End PBXProject section */

/* Begin PBXResourcesBuildPhase section */
		AA7AC1D42CE3BA8200B6D401 /* Resources */ = {
			isa = PBXResourcesBuildPhase;
			buildActionMask = 2147483647;
			files = (
				AA11A3932CEED64A007A2502 /* Podfile in Resources */,
				AA11A3942CEED64A007A2502 /* GoogleService-Info.plist in Resources */,
			);
			runOnlyForDeploymentPostprocessing = 0;
		};
		AA7AC1E42CE3BA8500B6D401 /* Resources */ = {
			isa = PBXResourcesBuildPhase;
			buildActionMask = 2147483647;
			files = (
			);
			runOnlyForDeploymentPostprocessing = 0;
		};
		AA7AC1EE2CE3BA8500B6D401 /* Resources */ = {
			isa = PBXResourcesBuildPhase;
			buildActionMask = 2147483647;
			files = (
			);
			runOnlyForDeploymentPostprocessing = 0;
		};
/* End PBXResourcesBuildPhase section */

/* Begin PBXShellScriptBuildPhase section */
		1A1E91006FFCD5398C642B0D /* [CP] Check Pods Manifest.lock */ = {
			isa = PBXShellScriptBuildPhase;
			buildActionMask = 2147483647;
			files = (
			);
			inputFileListPaths = (
			);
			inputPaths = (
				"${PODS_PODFILE_DIR_PATH}/Podfile.lock",
				"${PODS_ROOT}/Manifest.lock",
			);
			name = "[CP] Check Pods Manifest.lock";
			outputFileListPaths = (
			);
			outputPaths = (
				"$(DERIVED_FILE_DIR)/Pods-hyu_gProject-hyu_gProjectUITests-checkManifestLockResult.txt",
			);
			runOnlyForDeploymentPostprocessing = 0;
			shellPath = /bin/sh;
			shellScript = "diff \"${PODS_PODFILE_DIR_PATH}/Podfile.lock\" \"${PODS_ROOT}/Manifest.lock\" > /dev/null\nif [ $? != 0 ] ; then\n    # print error to STDERR\n    echo \"error: The sandbox is not in sync with the Podfile.lock. Run 'pod install' or update your CocoaPods installation.\" >&2\n    exit 1\nfi\n# This output is used by Xcode 'outputs' to avoid re-running this script phase.\necho \"SUCCESS\" > \"${SCRIPT_OUTPUT_FILE_0}\"\n";
			showEnvVarsInLog = 0;
		};
		714616FC45966160A4578AB9 /* [CP] Check Pods Manifest.lock */ = {
			isa = PBXShellScriptBuildPhase;
			buildActionMask = 2147483647;
			files = (
			);
			inputFileListPaths = (
			);
			inputPaths = (
				"${PODS_PODFILE_DIR_PATH}/Podfile.lock",
				"${PODS_ROOT}/Manifest.lock",
			);
			name = "[CP] Check Pods Manifest.lock";
			outputFileListPaths = (
			);
			outputPaths = (
				"$(DERIVED_FILE_DIR)/Pods-hyu_gProject-checkManifestLockResult.txt",
			);
			runOnlyForDeploymentPostprocessing = 0;
			shellPath = /bin/sh;
			shellScript = "diff \"${PODS_PODFILE_DIR_PATH}/Podfile.lock\" \"${PODS_ROOT}/Manifest.lock\" > /dev/null\nif [ $? != 0 ] ; then\n    # print error to STDERR\n    echo \"error: The sandbox is not in sync with the Podfile.lock. Run 'pod install' or update your CocoaPods installation.\" >&2\n    exit 1\nfi\n# This output is used by Xcode 'outputs' to avoid re-running this script phase.\necho \"SUCCESS\" > \"${SCRIPT_OUTPUT_FILE_0}\"\n";
			showEnvVarsInLog = 0;
		};
		7FF0D922290A1935985AF5FE /* [CP] Embed Pods Frameworks */ = {
			isa = PBXShellScriptBuildPhase;
			buildActionMask = 2147483647;
			files = (
			);
			inputFileListPaths = (
				"${PODS_ROOT}/Target Support Files/Pods-hyu_gProject-hyu_gProjectUITests/Pods-hyu_gProject-hyu_gProjectUITests-frameworks-${CONFIGURATION}-input-files.xcfilelist",
			);
			name = "[CP] Embed Pods Frameworks";
			outputFileListPaths = (
				"${PODS_ROOT}/Target Support Files/Pods-hyu_gProject-hyu_gProjectUITests/Pods-hyu_gProject-hyu_gProjectUITests-frameworks-${CONFIGURATION}-output-files.xcfilelist",
			);
			runOnlyForDeploymentPostprocessing = 0;
			shellPath = /bin/sh;
			shellScript = "\"${PODS_ROOT}/Target Support Files/Pods-hyu_gProject-hyu_gProjectUITests/Pods-hyu_gProject-hyu_gProjectUITests-frameworks.sh\"\n";
			showEnvVarsInLog = 0;
		};
		9EB2E741D4A423034829834A /* [CP] Check Pods Manifest.lock */ = {
			isa = PBXShellScriptBuildPhase;
			buildActionMask = 2147483647;
			files = (
			);
			inputFileListPaths = (
			);
			inputPaths = (
				"${PODS_PODFILE_DIR_PATH}/Podfile.lock",
				"${PODS_ROOT}/Manifest.lock",
			);
			name = "[CP] Check Pods Manifest.lock";
			outputFileListPaths = (
			);
			outputPaths = (
				"$(DERIVED_FILE_DIR)/Pods-hyu_gProjectTests-checkManifestLockResult.txt",
			);
			runOnlyForDeploymentPostprocessing = 0;
			shellPath = /bin/sh;
			shellScript = "diff \"${PODS_PODFILE_DIR_PATH}/Podfile.lock\" \"${PODS_ROOT}/Manifest.lock\" > /dev/null\nif [ $? != 0 ] ; then\n    # print error to STDERR\n    echo \"error: The sandbox is not in sync with the Podfile.lock. Run 'pod install' or update your CocoaPods installation.\" >&2\n    exit 1\nfi\n# This output is used by Xcode 'outputs' to avoid re-running this script phase.\necho \"SUCCESS\" > \"${SCRIPT_OUTPUT_FILE_0}\"\n";
			showEnvVarsInLog = 0;
		};
		BA2612033913ABDF54587EC6 /* [CP] Embed Pods Frameworks */ = {
			isa = PBXShellScriptBuildPhase;
			buildActionMask = 2147483647;
			files = (
			);
			inputFileListPaths = (
				"${PODS_ROOT}/Target Support Files/Pods-hyu_gProject/Pods-hyu_gProject-frameworks-${CONFIGURATION}-input-files.xcfilelist",
			);
			name = "[CP] Embed Pods Frameworks";
			outputFileListPaths = (
				"${PODS_ROOT}/Target Support Files/Pods-hyu_gProject/Pods-hyu_gProject-frameworks-${CONFIGURATION}-output-files.xcfilelist",
			);
			runOnlyForDeploymentPostprocessing = 0;
			shellPath = /bin/sh;
			shellScript = "\"${PODS_ROOT}/Target Support Files/Pods-hyu_gProject/Pods-hyu_gProject-frameworks.sh\"\n";
			showEnvVarsInLog = 0;
		};
/* End PBXShellScriptBuildPhase section */

/* Begin PBXSourcesBuildPhase section */
		AA7AC1D22CE3BA8200B6D401 /* Sources */ = {
			isa = PBXSourcesBuildPhase;
			buildActionMask = 2147483647;
			files = (
			);
			runOnlyForDeploymentPostprocessing = 0;
		};
		AA7AC1E22CE3BA8500B6D401 /* Sources */ = {
			isa = PBXSourcesBuildPhase;
			buildActionMask = 2147483647;
			files = (
			);
			runOnlyForDeploymentPostprocessing = 0;
		};
		AA7AC1EC2CE3BA8500B6D401 /* Sources */ = {
			isa = PBXSourcesBuildPhase;
			buildActionMask = 2147483647;
			files = (
			);
			runOnlyForDeploymentPostprocessing = 0;
		};
/* End PBXSourcesBuildPhase section */

/* Begin PBXTargetDependency section */
		AA7AC1E82CE3BA8500B6D401 /* PBXTargetDependency */ = {
			isa = PBXTargetDependency;
			target = AA7AC1D52CE3BA8200B6D401 /* hyu_gProject */;
			targetProxy = AA7AC1E72CE3BA8500B6D401 /* PBXContainerItemProxy */;
		};
		AA7AC1F22CE3BA8500B6D401 /* PBXTargetDependency */ = {
			isa = PBXTargetDependency;
			target = AA7AC1D52CE3BA8200B6D401 /* hyu_gProject */;
			targetProxy = AA7AC1F12CE3BA8500B6D401 /* PBXContainerItemProxy */;
		};
/* End PBXTargetDependency section */

/* Begin XCBuildConfiguration section */
		AA7AC1F82CE3BA8500B6D401 /* Debug */ = {
			isa = XCBuildConfiguration;
			buildSettings = {
				ALWAYS_SEARCH_USER_PATHS = NO;
				ASSETCATALOG_COMPILER_GENERATE_SWIFT_ASSET_SYMBOL_EXTENSIONS = YES;
				CLANG_ANALYZER_NONNULL = YES;
				CLANG_ANALYZER_NUMBER_OBJECT_CONVERSION = YES_AGGRESSIVE;
				CLANG_CXX_LANGUAGE_STANDARD = "gnu++20";
				CLANG_ENABLE_MODULES = YES;
				CLANG_ENABLE_OBJC_ARC = YES;
				CLANG_ENABLE_OBJC_WEAK = YES;
				CLANG_WARN_BLOCK_CAPTURE_AUTORELEASING = YES;
				CLANG_WARN_BOOL_CONVERSION = YES;
				CLANG_WARN_COMMA = YES;
				CLANG_WARN_CONSTANT_CONVERSION = YES;
				CLANG_WARN_DEPRECATED_OBJC_IMPLEMENTATIONS = YES;
				CLANG_WARN_DIRECT_OBJC_ISA_USAGE = YES_ERROR;
				CLANG_WARN_DOCUMENTATION_COMMENTS = YES;
				CLANG_WARN_EMPTY_BODY = YES;
				CLANG_WARN_ENUM_CONVERSION = YES;
				CLANG_WARN_INFINITE_RECURSION = YES;
				CLANG_WARN_INT_CONVERSION = YES;
				CLANG_WARN_NON_LITERAL_NULL_CONVERSION = YES;
				CLANG_WARN_OBJC_IMPLICIT_RETAIN_SELF = YES;
				CLANG_WARN_OBJC_LITERAL_CONVERSION = YES;
				CLANG_WARN_OBJC_ROOT_CLASS = YES_ERROR;
				CLANG_WARN_QUOTED_INCLUDE_IN_FRAMEWORK_HEADER = YES;
				CLANG_WARN_RANGE_LOOP_ANALYSIS = YES;
				CLANG_WARN_STRICT_PROTOTYPES = YES;
				CLANG_WARN_SUSPICIOUS_MOVE = YES;
				CLANG_WARN_UNGUARDED_AVAILABILITY = YES_AGGRESSIVE;
				CLANG_WARN_UNREACHABLE_CODE = YES;
				CLANG_WARN__DUPLICATE_METHOD_MATCH = YES;
				COPY_PHASE_STRIP = NO;
				DEBUG_INFORMATION_FORMAT = dwarf;
				ENABLE_STRICT_OBJC_MSGSEND = YES;
				ENABLE_TESTABILITY = YES;
				ENABLE_USER_SCRIPT_SANDBOXING = YES;
				GCC_C_LANGUAGE_STANDARD = gnu17;
				GCC_DYNAMIC_NO_PIC = NO;
				GCC_NO_COMMON_BLOCKS = YES;
				GCC_OPTIMIZATION_LEVEL = 0;
				GCC_PREPROCESSOR_DEFINITIONS = (
					"DEBUG=1",
					"$(inherited)",
				);
				GCC_WARN_64_TO_32_BIT_CONVERSION = YES;
				GCC_WARN_ABOUT_RETURN_TYPE = YES_ERROR;
				GCC_WARN_UNDECLARED_SELECTOR = YES;
				GCC_WARN_UNINITIALIZED_AUTOS = YES_AGGRESSIVE;
				GCC_WARN_UNUSED_FUNCTION = YES;
				GCC_WARN_UNUSED_VARIABLE = YES;
				IPHONEOS_DEPLOYMENT_TARGET = 18.0;
				LOCALIZATION_PREFERS_STRING_CATALOGS = YES;
				MTL_ENABLE_DEBUG_INFO = INCLUDE_SOURCE;
				MTL_FAST_MATH = YES;
				ONLY_ACTIVE_ARCH = YES;
				SDKROOT = iphoneos;
				SWIFT_ACTIVE_COMPILATION_CONDITIONS = "DEBUG $(inherited)";
				SWIFT_OPTIMIZATION_LEVEL = "-Onone";
			};
			name = Debug;
		};
		AA7AC1F92CE3BA8500B6D401 /* Release */ = {
			isa = XCBuildConfiguration;
			buildSettings = {
				ALWAYS_SEARCH_USER_PATHS = NO;
				ASSETCATALOG_COMPILER_GENERATE_SWIFT_ASSET_SYMBOL_EXTENSIONS = YES;
				CLANG_ANALYZER_NONNULL = YES;
				CLANG_ANALYZER_NUMBER_OBJECT_CONVERSION = YES_AGGRESSIVE;
				CLANG_CXX_LANGUAGE_STANDARD = "gnu++20";
				CLANG_ENABLE_MODULES = YES;
				CLANG_ENABLE_OBJC_ARC = YES;
				CLANG_ENABLE_OBJC_WEAK = YES;
				CLANG_WARN_BLOCK_CAPTURE_AUTORELEASING = YES;
				CLANG_WARN_BOOL_CONVERSION = YES;
				CLANG_WARN_COMMA = YES;
				CLANG_WARN_CONSTANT_CONVERSION = YES;
				CLANG_WARN_DEPRECATED_OBJC_IMPLEMENTATIONS = YES;
				CLANG_WARN_DIRECT_OBJC_ISA_USAGE = YES_ERROR;
				CLANG_WARN_DOCUMENTATION_COMMENTS = YES;
				CLANG_WARN_EMPTY_BODY = YES;
				CLANG_WARN_ENUM_CONVERSION = YES;
				CLANG_WARN_INFINITE_RECURSION = YES;
				CLANG_WARN_INT_CONVERSION = YES;
				CLANG_WARN_NON_LITERAL_NULL_CONVERSION = YES;
				CLANG_WARN_OBJC_IMPLICIT_RETAIN_SELF = YES;
				CLANG_WARN_OBJC_LITERAL_CONVERSION = YES;
				CLANG_WARN_OBJC_ROOT_CLASS = YES_ERROR;
				CLANG_WARN_QUOTED_INCLUDE_IN_FRAMEWORK_HEADER = YES;
				CLANG_WARN_RANGE_LOOP_ANALYSIS = YES;
				CLANG_WARN_STRICT_PROTOTYPES = YES;
				CLANG_WARN_SUSPICIOUS_MOVE = YES;
				CLANG_WARN_UNGUARDED_AVAILABILITY = YES_AGGRESSIVE;
				CLANG_WARN_UNREACHABLE_CODE = YES;
				CLANG_WARN__DUPLICATE_METHOD_MATCH = YES;
				COPY_PHASE_STRIP = NO;
				DEBUG_INFORMATION_FORMAT = "dwarf-with-dsym";
				ENABLE_NS_ASSERTIONS = NO;
				ENABLE_STRICT_OBJC_MSGSEND = YES;
				ENABLE_USER_SCRIPT_SANDBOXING = YES;
				GCC_C_LANGUAGE_STANDARD = gnu17;
				GCC_NO_COMMON_BLOCKS = YES;
				GCC_WARN_64_TO_32_BIT_CONVERSION = YES;
				GCC_WARN_ABOUT_RETURN_TYPE = YES_ERROR;
				GCC_WARN_UNDECLARED_SELECTOR = YES;
				GCC_WARN_UNINITIALIZED_AUTOS = YES_AGGRESSIVE;
				GCC_WARN_UNUSED_FUNCTION = YES;
				GCC_WARN_UNUSED_VARIABLE = YES;
				IPHONEOS_DEPLOYMENT_TARGET = 18.0;
				LOCALIZATION_PREFERS_STRING_CATALOGS = YES;
				MTL_ENABLE_DEBUG_INFO = NO;
				MTL_FAST_MATH = YES;
				SDKROOT = iphoneos;
				SWIFT_COMPILATION_MODE = wholemodule;
				VALIDATE_PRODUCT = YES;
			};
			name = Release;
		};
		AA7AC1FB2CE3BA8500B6D401 /* Debug */ = {
			isa = XCBuildConfiguration;
			baseConfigurationReference = 7AB28779E7EB85BD6798CB05 /* Pods-hyu_gProject.debug.xcconfig */;
			buildSettings = {
				ASSETCATALOG_COMPILER_APPICON_NAME = AppIcon;
				ASSETCATALOG_COMPILER_GLOBAL_ACCENT_COLOR_NAME = AccentColor;
				CODE_SIGN_STYLE = Automatic;
				CURRENT_PROJECT_VERSION = 1;
				DEVELOPMENT_ASSET_PATHS = "\"hyu_gProject/Preview Content\"";
				DEVELOPMENT_TEAM = T638N296XJ;
				ENABLE_PREVIEWS = YES;
				GENERATE_INFOPLIST_FILE = YES;
				INFOPLIST_KEY_UIApplicationSceneManifest_Generation = YES;
				INFOPLIST_KEY_UIApplicationSupportsIndirectInputEvents = YES;
				INFOPLIST_KEY_UILaunchScreen_Generation = YES;
				INFOPLIST_KEY_UISupportedInterfaceOrientations_iPad = "UIInterfaceOrientationPortrait UIInterfaceOrientationPortraitUpsideDown UIInterfaceOrientationLandscapeLeft UIInterfaceOrientationLandscapeRight";
				INFOPLIST_KEY_UISupportedInterfaceOrientations_iPhone = "UIInterfaceOrientationPortrait UIInterfaceOrientationLandscapeLeft UIInterfaceOrientationLandscapeRight";
				LD_RUNPATH_SEARCH_PATHS = (
					"$(inherited)",
					"@executable_path/Frameworks",
				);
				MARKETING_VERSION = 1.0;
				PRODUCT_BUNDLE_IDENTIFIER = "hkkim.hyu-gProject";
				PRODUCT_NAME = "$(TARGET_NAME)";
				SWIFT_EMIT_LOC_STRINGS = YES;
				SWIFT_VERSION = 5.0;
				TARGETED_DEVICE_FAMILY = "1,2";
			};
			name = Debug;
		};
		AA7AC1FC2CE3BA8500B6D401 /* Release */ = {
			isa = XCBuildConfiguration;
			baseConfigurationReference = 1B84105BB29D2EECB61CFFB7 /* Pods-hyu_gProject.release.xcconfig */;
			buildSettings = {
				ASSETCATALOG_COMPILER_APPICON_NAME = AppIcon;
				ASSETCATALOG_COMPILER_GLOBAL_ACCENT_COLOR_NAME = AccentColor;
				CODE_SIGN_STYLE = Automatic;
				CURRENT_PROJECT_VERSION = 1;
				DEVELOPMENT_ASSET_PATHS = "\"hyu_gProject/Preview Content\"";
				DEVELOPMENT_TEAM = T638N296XJ;
				ENABLE_PREVIEWS = YES;
				GENERATE_INFOPLIST_FILE = YES;
				INFOPLIST_KEY_UIApplicationSceneManifest_Generation = YES;
				INFOPLIST_KEY_UIApplicationSupportsIndirectInputEvents = YES;
				INFOPLIST_KEY_UILaunchScreen_Generation = YES;
				INFOPLIST_KEY_UISupportedInterfaceOrientations_iPad = "UIInterfaceOrientationPortrait UIInterfaceOrientationPortraitUpsideDown UIInterfaceOrientationLandscapeLeft UIInterfaceOrientationLandscapeRight";
				INFOPLIST_KEY_UISupportedInterfaceOrientations_iPhone = "UIInterfaceOrientationPortrait UIInterfaceOrientationLandscapeLeft UIInterfaceOrientationLandscapeRight";
				LD_RUNPATH_SEARCH_PATHS = (
					"$(inherited)",
					"@executable_path/Frameworks",
				);
				MARKETING_VERSION = 1.0;
				PRODUCT_BUNDLE_IDENTIFIER = "hkkim.hyu-gProject";
				PRODUCT_NAME = "$(TARGET_NAME)";
				SWIFT_EMIT_LOC_STRINGS = YES;
				SWIFT_VERSION = 5.0;
				TARGETED_DEVICE_FAMILY = "1,2";
			};
			name = Release;
		};
		AA7AC1FE2CE3BA8500B6D401 /* Debug */ = {
			isa = XCBuildConfiguration;
			baseConfigurationReference = 040E69CE127D397AA84A0970 /* Pods-hyu_gProjectTests.debug.xcconfig */;
			buildSettings = {
				BUNDLE_LOADER = "$(TEST_HOST)";
				CODE_SIGN_STYLE = Automatic;
				CURRENT_PROJECT_VERSION = 1;
				DEVELOPMENT_TEAM = T638N296XJ;
				GENERATE_INFOPLIST_FILE = YES;
				IPHONEOS_DEPLOYMENT_TARGET = 18.0;
				MARKETING_VERSION = 1.0;
				PRODUCT_BUNDLE_IDENTIFIER = "hkkim.hyu-gProjectTests";
				PRODUCT_NAME = "$(TARGET_NAME)";
				SWIFT_EMIT_LOC_STRINGS = NO;
				SWIFT_VERSION = 5.0;
				TARGETED_DEVICE_FAMILY = "1,2";
				TEST_HOST = "$(BUILT_PRODUCTS_DIR)/hyu_gProject.app/$(BUNDLE_EXECUTABLE_FOLDER_PATH)/hyu_gProject";
			};
			name = Debug;
		};
		AA7AC1FF2CE3BA8500B6D401 /* Release */ = {
			isa = XCBuildConfiguration;
			baseConfigurationReference = D6A0DBE9A3B04BFE0D37A472 /* Pods-hyu_gProjectTests.release.xcconfig */;
			buildSettings = {
				BUNDLE_LOADER = "$(TEST_HOST)";
				CODE_SIGN_STYLE = Automatic;
				CURRENT_PROJECT_VERSION = 1;
				DEVELOPMENT_TEAM = T638N296XJ;
				GENERATE_INFOPLIST_FILE = YES;
				IPHONEOS_DEPLOYMENT_TARGET = 18.0;
				MARKETING_VERSION = 1.0;
				PRODUCT_BUNDLE_IDENTIFIER = "hkkim.hyu-gProjectTests";
				PRODUCT_NAME = "$(TARGET_NAME)";
				SWIFT_EMIT_LOC_STRINGS = NO;
				SWIFT_VERSION = 5.0;
				TARGETED_DEVICE_FAMILY = "1,2";
				TEST_HOST = "$(BUILT_PRODUCTS_DIR)/hyu_gProject.app/$(BUNDLE_EXECUTABLE_FOLDER_PATH)/hyu_gProject";
			};
			name = Release;
		};
		AA7AC2012CE3BA8500B6D401 /* Debug */ = {
			isa = XCBuildConfiguration;
			baseConfigurationReference = 0AED95B7FB6413DCE19D1642 /* Pods-hyu_gProject-hyu_gProjectUITests.debug.xcconfig */;
			buildSettings = {
				CODE_SIGN_STYLE = Automatic;
				CURRENT_PROJECT_VERSION = 1;
				DEVELOPMENT_TEAM = T638N296XJ;
				GENERATE_INFOPLIST_FILE = YES;
				MARKETING_VERSION = 1.0;
				PRODUCT_BUNDLE_IDENTIFIER = "hkkim.hyu-gProjectUITests";
				PRODUCT_NAME = "$(TARGET_NAME)";
				SWIFT_EMIT_LOC_STRINGS = NO;
				SWIFT_VERSION = 5.0;
				TARGETED_DEVICE_FAMILY = "1,2";
				TEST_TARGET_NAME = hyu_gProject;
			};
			name = Debug;
		};
		AA7AC2022CE3BA8500B6D401 /* Release */ = {
			isa = XCBuildConfiguration;
			baseConfigurationReference = FFAD9CCC595DC4BA39EDBEB0 /* Pods-hyu_gProject-hyu_gProjectUITests.release.xcconfig */;
			buildSettings = {
				CODE_SIGN_STYLE = Automatic;
				CURRENT_PROJECT_VERSION = 1;
				DEVELOPMENT_TEAM = T638N296XJ;
				GENERATE_INFOPLIST_FILE = YES;
				MARKETING_VERSION = 1.0;
				PRODUCT_BUNDLE_IDENTIFIER = "hkkim.hyu-gProjectUITests";
				PRODUCT_NAME = "$(TARGET_NAME)";
				SWIFT_EMIT_LOC_STRINGS = NO;
				SWIFT_VERSION = 5.0;
				TARGETED_DEVICE_FAMILY = "1,2";
				TEST_TARGET_NAME = hyu_gProject;
			};
			name = Release;
		};
/* End XCBuildConfiguration section */

/* Begin XCConfigurationList section */
		AA7AC1D12CE3BA8200B6D401 /* Build configuration list for PBXProject "hyu_gProject" */ = {
			isa = XCConfigurationList;
			buildConfigurations = (
				AA7AC1F82CE3BA8500B6D401 /* Debug */,
				AA7AC1F92CE3BA8500B6D401 /* Release */,
			);
			defaultConfigurationIsVisible = 0;
			defaultConfigurationName = Release;
		};
		AA7AC1FA2CE3BA8500B6D401 /* Build configuration list for PBXNativeTarget "hyu_gProject" */ = {
			isa = XCConfigurationList;
			buildConfigurations = (
				AA7AC1FB2CE3BA8500B6D401 /* Debug */,
				AA7AC1FC2CE3BA8500B6D401 /* Release */,
			);
			defaultConfigurationIsVisible = 0;
			defaultConfigurationName = Release;
		};
		AA7AC1FD2CE3BA8500B6D401 /* Build configuration list for PBXNativeTarget "hyu_gProjectTests" */ = {
			isa = XCConfigurationList;
			buildConfigurations = (
				AA7AC1FE2CE3BA8500B6D401 /* Debug */,
				AA7AC1FF2CE3BA8500B6D401 /* Release */,
			);
			defaultConfigurationIsVisible = 0;
			defaultConfigurationName = Release;
		};
		AA7AC2002CE3BA8500B6D401 /* Build configuration list for PBXNativeTarget "hyu_gProjectUITests" */ = {
			isa = XCConfigurationList;
			buildConfigurations = (
				AA7AC2012CE3BA8500B6D401 /* Debug */,
				AA7AC2022CE3BA8500B6D401 /* Release */,
			);
			defaultConfigurationIsVisible = 0;
			defaultConfigurationName = Release;
		};
/* End XCConfigurationList section */
	};
	rootObject = AA7AC1CE2CE3BA8200B6D401 /* Project object */;
}
