// !$*UTF8*$!
{
	archiveVersion = 1;
	classes = {
	};
	objectVersion = 77;
	objects = {

/* Begin PBXContainerItemProxy section */
		50263ACC2CBC2D1D00D139F7 /* PBXContainerItemProxy */ = {
			isa = PBXContainerItemProxy;
			containerPortal = 50263AB32CBC2D1900D139F7 /* Project object */;
			proxyType = 1;
			remoteGlobalIDString = 50263ABA2CBC2D1900D139F7;
			remoteInfo = frontproject;
		};
		50263AD62CBC2D1D00D139F7 /* PBXContainerItemProxy */ = {
			isa = PBXContainerItemProxy;
			containerPortal = 50263AB32CBC2D1900D139F7 /* Project object */;
			proxyType = 1;
			remoteGlobalIDString = 50263ABA2CBC2D1900D139F7;
			remoteInfo = frontproject;
		};
/* End PBXContainerItemProxy section */

/* Begin PBXFileReference section */
		50263ABB2CBC2D1900D139F7 /* frontproject.app */ = {isa = PBXFileReference; explicitFileType = wrapper.application; includeInIndex = 0; path = frontproject.app; sourceTree = BUILT_PRODUCTS_DIR; };
		50263ACB2CBC2D1D00D139F7 /* frontprojectTests.xctest */ = {isa = PBXFileReference; explicitFileType = wrapper.cfbundle; includeInIndex = 0; path = frontprojectTests.xctest; sourceTree = BUILT_PRODUCTS_DIR; };
		50263AD52CBC2D1D00D139F7 /* frontprojectUITests.xctest */ = {isa = PBXFileReference; explicitFileType = wrapper.cfbundle; includeInIndex = 0; path = frontprojectUITests.xctest; sourceTree = BUILT_PRODUCTS_DIR; };
/* End PBXFileReference section */

/* Begin PBXFileSystemSynchronizedRootGroup section */
		50263ABD2CBC2D1900D139F7 /* frontproject */ = {
			isa = PBXFileSystemSynchronizedRootGroup;
			path = frontproject;
			sourceTree = "<group>";
		};
		50263ACE2CBC2D1D00D139F7 /* frontprojectTests */ = {
			isa = PBXFileSystemSynchronizedRootGroup;
			path = frontprojectTests;
			sourceTree = "<group>";
		};
		50263AD82CBC2D1D00D139F7 /* frontprojectUITests */ = {
			isa = PBXFileSystemSynchronizedRootGroup;
			path = frontprojectUITests;
			sourceTree = "<group>";
		};
/* End PBXFileSystemSynchronizedRootGroup section */

/* Begin PBXFrameworksBuildPhase section */
		50263AB82CBC2D1900D139F7 /* Frameworks */ = {
			isa = PBXFrameworksBuildPhase;
			buildActionMask = 2147483647;
			files = (
			);
			runOnlyForDeploymentPostprocessing = 0;
		};
		50263AC82CBC2D1D00D139F7 /* Frameworks */ = {
			isa = PBXFrameworksBuildPhase;
			buildActionMask = 2147483647;
			files = (
			);
			runOnlyForDeploymentPostprocessing = 0;
		};
		50263AD22CBC2D1D00D139F7 /* Frameworks */ = {
			isa = PBXFrameworksBuildPhase;
			buildActionMask = 2147483647;
			files = (
			);
			runOnlyForDeploymentPostprocessing = 0;
		};
/* End PBXFrameworksBuildPhase section */

/* Begin PBXGroup section */
		50263AB22CBC2D1900D139F7 = {
			isa = PBXGroup;
			children = (
				50263ABD2CBC2D1900D139F7 /* frontproject */,
				50263ACE2CBC2D1D00D139F7 /* frontprojectTests */,
				50263AD82CBC2D1D00D139F7 /* frontprojectUITests */,
				50263ABC2CBC2D1900D139F7 /* Products */,
			);
			sourceTree = "<group>";
		};
		50263ABC2CBC2D1900D139F7 /* Products */ = {
			isa = PBXGroup;
			children = (
				50263ABB2CBC2D1900D139F7 /* frontproject.app */,
				50263ACB2CBC2D1D00D139F7 /* frontprojectTests.xctest */,
				50263AD52CBC2D1D00D139F7 /* frontprojectUITests.xctest */,
			);
			name = Products;
			sourceTree = "<group>";
		};
/* End PBXGroup section */

/* Begin PBXNativeTarget section */
		50263ABA2CBC2D1900D139F7 /* frontproject */ = {
			isa = PBXNativeTarget;
			buildConfigurationList = 50263ADF2CBC2D1D00D139F7 /* Build configuration list for PBXNativeTarget "frontproject" */;
			buildPhases = (
				50263AB72CBC2D1900D139F7 /* Sources */,
				50263AB82CBC2D1900D139F7 /* Frameworks */,
				50263AB92CBC2D1900D139F7 /* Resources */,
			);
			buildRules = (
			);
			dependencies = (
			);
			fileSystemSynchronizedGroups = (
				50263ABD2CBC2D1900D139F7 /* frontproject */,
			);
			name = frontproject;
			packageProductDependencies = (
			);
			productName = frontproject;
			productReference = 50263ABB2CBC2D1900D139F7 /* frontproject.app */;
			productType = "com.apple.product-type.application";
		};
		50263ACA2CBC2D1D00D139F7 /* frontprojectTests */ = {
			isa = PBXNativeTarget;
			buildConfigurationList = 50263AE22CBC2D1D00D139F7 /* Build configuration list for PBXNativeTarget "frontprojectTests" */;
			buildPhases = (
				50263AC72CBC2D1D00D139F7 /* Sources */,
				50263AC82CBC2D1D00D139F7 /* Frameworks */,
				50263AC92CBC2D1D00D139F7 /* Resources */,
			);
			buildRules = (
			);
			dependencies = (
				50263ACD2CBC2D1D00D139F7 /* PBXTargetDependency */,
			);
			fileSystemSynchronizedGroups = (
				50263ACE2CBC2D1D00D139F7 /* frontprojectTests */,
			);
			name = frontprojectTests;
			packageProductDependencies = (
			);
			productName = frontprojectTests;
			productReference = 50263ACB2CBC2D1D00D139F7 /* frontprojectTests.xctest */;
			productType = "com.apple.product-type.bundle.unit-test";
		};
		50263AD42CBC2D1D00D139F7 /* frontprojectUITests */ = {
			isa = PBXNativeTarget;
			buildConfigurationList = 50263AE52CBC2D1D00D139F7 /* Build configuration list for PBXNativeTarget "frontprojectUITests" */;
			buildPhases = (
				50263AD12CBC2D1D00D139F7 /* Sources */,
				50263AD22CBC2D1D00D139F7 /* Frameworks */,
				50263AD32CBC2D1D00D139F7 /* Resources */,
			);
			buildRules = (
			);
			dependencies = (
				50263AD72CBC2D1D00D139F7 /* PBXTargetDependency */,
			);
			fileSystemSynchronizedGroups = (
				50263AD82CBC2D1D00D139F7 /* frontprojectUITests */,
			);
			name = frontprojectUITests;
			packageProductDependencies = (
			);
			productName = frontprojectUITests;
			productReference = 50263AD52CBC2D1D00D139F7 /* frontprojectUITests.xctest */;
			productType = "com.apple.product-type.bundle.ui-testing";
		};
/* End PBXNativeTarget section */

/* Begin PBXProject section */
		50263AB32CBC2D1900D139F7 /* Project object */ = {
			isa = PBXProject;
			attributes = {
				BuildIndependentTargetsInParallel = 1;
				LastSwiftUpdateCheck = 1600;
				LastUpgradeCheck = 1600;
				TargetAttributes = {
					50263ABA2CBC2D1900D139F7 = {
						CreatedOnToolsVersion = 16.0;
					};
					50263ACA2CBC2D1D00D139F7 = {
						CreatedOnToolsVersion = 16.0;
						TestTargetID = 50263ABA2CBC2D1900D139F7;
					};
					50263AD42CBC2D1D00D139F7 = {
						CreatedOnToolsVersion = 16.0;
						TestTargetID = 50263ABA2CBC2D1900D139F7;
					};
				};
			};
			buildConfigurationList = 50263AB62CBC2D1900D139F7 /* Build configuration list for PBXProject "frontproject" */;
			developmentRegion = en;
			hasScannedForEncodings = 0;
			knownRegions = (
				en,
				Base,
			);
			mainGroup = 50263AB22CBC2D1900D139F7;
			minimizedProjectReferenceProxies = 1;
			preferredProjectObjectVersion = 77;
			productRefGroup = 50263ABC2CBC2D1900D139F7 /* Products */;
			projectDirPath = "";
			projectRoot = "";
			targets = (
				50263ABA2CBC2D1900D139F7 /* frontproject */,
				50263ACA2CBC2D1D00D139F7 /* frontprojectTests */,
				50263AD42CBC2D1D00D139F7 /* frontprojectUITests */,
			);
		};
/* End PBXProject section */

/* Begin PBXResourcesBuildPhase section */
		50263AB92CBC2D1900D139F7 /* Resources */ = {
			isa = PBXResourcesBuildPhase;
			buildActionMask = 2147483647;
			files = (
			);
			runOnlyForDeploymentPostprocessing = 0;
		};
		50263AC92CBC2D1D00D139F7 /* Resources */ = {
			isa = PBXResourcesBuildPhase;
			buildActionMask = 2147483647;
			files = (
			);
			runOnlyForDeploymentPostprocessing = 0;
		};
		50263AD32CBC2D1D00D139F7 /* Resources */ = {
			isa = PBXResourcesBuildPhase;
			buildActionMask = 2147483647;
			files = (
			);
			runOnlyForDeploymentPostprocessing = 0;
		};
/* End PBXResourcesBuildPhase section */

/* Begin PBXSourcesBuildPhase section */
		50263AB72CBC2D1900D139F7 /* Sources */ = {
			isa = PBXSourcesBuildPhase;
			buildActionMask = 2147483647;
			files = (
			);
			runOnlyForDeploymentPostprocessing = 0;
		};
		50263AC72CBC2D1D00D139F7 /* Sources */ = {
			isa = PBXSourcesBuildPhase;
			buildActionMask = 2147483647;
			files = (
			);
			runOnlyForDeploymentPostprocessing = 0;
		};
		50263AD12CBC2D1D00D139F7 /* Sources */ = {
			isa = PBXSourcesBuildPhase;
			buildActionMask = 2147483647;
			files = (
			);
			runOnlyForDeploymentPostprocessing = 0;
		};
/* End PBXSourcesBuildPhase section */

/* Begin PBXTargetDependency section */
		50263ACD2CBC2D1D00D139F7 /* PBXTargetDependency */ = {
			isa = PBXTargetDependency;
			target = 50263ABA2CBC2D1900D139F7 /* frontproject */;
			targetProxy = 50263ACC2CBC2D1D00D139F7 /* PBXContainerItemProxy */;
		};
		50263AD72CBC2D1D00D139F7 /* PBXTargetDependency */ = {
			isa = PBXTargetDependency;
			target = 50263ABA2CBC2D1900D139F7 /* frontproject */;
			targetProxy = 50263AD62CBC2D1D00D139F7 /* PBXContainerItemProxy */;
		};
/* End PBXTargetDependency section */

/* Begin XCBuildConfiguration section */
		50263ADD2CBC2D1D00D139F7 /* Debug */ = {
			isa = XCBuildConfiguration;
			buildSettings = {
				ALWAYS_SEARCH_USER_PATHS = NO;
				ASSETCATALOG_COMPILER_GENERATE_SWIFT_ASSET_SYMBOL_EXTENSIONS = YES;
				CLANG_ANALYZER_NONNULL = YES;
				CLANG_ANALYZER_NUMBER_OBJECT_CONVERSION = YES_AGGRESSIVE;
				CLANG_CXX_LANGUAGE_STANDARD = "gnu++20";
				CLANG_ENABLE_MODULES = YES;
				CLANG_ENABLE_OBJC_ARC = YES;
				CLANG_ENABLE_OBJC_WEAK = YES;
				CLANG_WARN_BLOCK_CAPTURE_AUTORELEASING = YES;
				CLANG_WARN_BOOL_CONVERSION = YES;
				CLANG_WARN_COMMA = YES;
				CLANG_WARN_CONSTANT_CONVERSION = YES;
				CLANG_WARN_DEPRECATED_OBJC_IMPLEMENTATIONS = YES;
				CLANG_WARN_DIRECT_OBJC_ISA_USAGE = YES_ERROR;
				CLANG_WARN_DOCUMENTATION_COMMENTS = YES;
				CLANG_WARN_EMPTY_BODY = YES;
				CLANG_WARN_ENUM_CONVERSION = YES;
				CLANG_WARN_INFINITE_RECURSION = YES;
				CLANG_WARN_INT_CONVERSION = YES;
				CLANG_WARN_NON_LITERAL_NULL_CONVERSION = YES;
				CLANG_WARN_OBJC_IMPLICIT_RETAIN_SELF = YES;
				CLANG_WARN_OBJC_LITERAL_CONVERSION = YES;
				CLANG_WARN_OBJC_ROOT_CLASS = YES_ERROR;
				CLANG_WARN_QUOTED_INCLUDE_IN_FRAMEWORK_HEADER = YES;
				CLANG_WARN_RANGE_LOOP_ANALYSIS = YES;
				CLANG_WARN_STRICT_PROTOTYPES = YES;
				CLANG_WARN_SUSPICIOUS_MOVE = YES;
				CLANG_WARN_UNGUARDED_AVAILABILITY = YES_AGGRESSIVE;
				CLANG_WARN_UNREACHABLE_CODE = YES;
				CLANG_WARN__DUPLICATE_METHOD_MATCH = YES;
				COPY_PHASE_STRIP = NO;
				DEBUG_INFORMATION_FORMAT = dwarf;
				ENABLE_STRICT_OBJC_MSGSEND = YES;
				ENABLE_TESTABILITY = YES;
				ENABLE_USER_SCRIPT_SANDBOXING = YES;
				GCC_C_LANGUAGE_STANDARD = gnu17;
				GCC_DYNAMIC_NO_PIC = NO;
				GCC_NO_COMMON_BLOCKS = YES;
				GCC_OPTIMIZATION_LEVEL = 0;
				GCC_PREPROCESSOR_DEFINITIONS = (
					"DEBUG=1",
					"$(inherited)",
				);
				GCC_WARN_64_TO_32_BIT_CONVERSION = YES;
				GCC_WARN_ABOUT_RETURN_TYPE = YES_ERROR;
				GCC_WARN_UNDECLARED_SELECTOR = YES;
				GCC_WARN_UNINITIALIZED_AUTOS = YES_AGGRESSIVE;
				GCC_WARN_UNUSED_FUNCTION = YES;
				GCC_WARN_UNUSED_VARIABLE = YES;
				IPHONEOS_DEPLOYMENT_TARGET = 18.0;
				LOCALIZATION_PREFERS_STRING_CATALOGS = YES;
				MTL_ENABLE_DEBUG_INFO = INCLUDE_SOURCE;
				MTL_FAST_MATH = YES;
				ONLY_ACTIVE_ARCH = YES;
				SDKROOT = iphoneos;
				SWIFT_ACTIVE_COMPILATION_CONDITIONS = "DEBUG $(inherited)";
				SWIFT_OPTIMIZATION_LEVEL = "-Onone";
			};
			name = Debug;
		};
		50263ADE2CBC2D1D00D139F7 /* Release */ = {
			isa = XCBuildConfiguration;
			buildSettings = {
				ALWAYS_SEARCH_USER_PATHS = NO;
				ASSETCATALOG_COMPILER_GENERATE_SWIFT_ASSET_SYMBOL_EXTENSIONS = YES;
				CLANG_ANALYZER_NONNULL = YES;
				CLANG_ANALYZER_NUMBER_OBJECT_CONVERSION = YES_AGGRESSIVE;
				CLANG_CXX_LANGUAGE_STANDARD = "gnu++20";
				CLANG_ENABLE_MODULES = YES;
				CLANG_ENABLE_OBJC_ARC = YES;
				CLANG_ENABLE_OBJC_WEAK = YES;
				CLANG_WARN_BLOCK_CAPTURE_AUTORELEASING = YES;
				CLANG_WARN_BOOL_CONVERSION = YES;
				CLANG_WARN_COMMA = YES;
				CLANG_WARN_CONSTANT_CONVERSION = YES;
				CLANG_WARN_DEPRECATED_OBJC_IMPLEMENTATIONS = YES;
				CLANG_WARN_DIRECT_OBJC_ISA_USAGE = YES_ERROR;
				CLANG_WARN_DOCUMENTATION_COMMENTS = YES;
				CLANG_WARN_EMPTY_BODY = YES;
				CLANG_WARN_ENUM_CONVERSION = YES;
				CLANG_WARN_INFINITE_RECURSION = YES;
				CLANG_WARN_INT_CONVERSION = YES;
				CLANG_WARN_NON_LITERAL_NULL_CONVERSION = YES;
				CLANG_WARN_OBJC_IMPLICIT_RETAIN_SELF = YES;
				CLANG_WARN_OBJC_LITERAL_CONVERSION = YES;
				CLANG_WARN_OBJC_ROOT_CLASS = YES_ERROR;
				CLANG_WARN_QUOTED_INCLUDE_IN_FRAMEWORK_HEADER = YES;
				CLANG_WARN_RANGE_LOOP_ANALYSIS = YES;
				CLANG_WARN_STRICT_PROTOTYPES = YES;
				CLANG_WARN_SUSPICIOUS_MOVE = YES;
				CLANG_WARN_UNGUARDED_AVAILABILITY = YES_AGGRESSIVE;
				CLANG_WARN_UNREACHABLE_CODE = YES;
				CLANG_WARN__DUPLICATE_METHOD_MATCH = YES;
				COPY_PHASE_STRIP = NO;
				DEBUG_INFORMATION_FORMAT = "dwarf-with-dsym";
				ENABLE_NS_ASSERTIONS = NO;
				ENABLE_STRICT_OBJC_MSGSEND = YES;
				ENABLE_USER_SCRIPT_SANDBOXING = YES;
				GCC_C_LANGUAGE_STANDARD = gnu17;
				GCC_NO_COMMON_BLOCKS = YES;
				GCC_WARN_64_TO_32_BIT_CONVERSION = YES;
				GCC_WARN_ABOUT_RETURN_TYPE = YES_ERROR;
				GCC_WARN_UNDECLARED_SELECTOR = YES;
				GCC_WARN_UNINITIALIZED_AUTOS = YES_AGGRESSIVE;
				GCC_WARN_UNUSED_FUNCTION = YES;
				GCC_WARN_UNUSED_VARIABLE = YES;
				IPHONEOS_DEPLOYMENT_TARGET = 18.0;
				LOCALIZATION_PREFERS_STRING_CATALOGS = YES;
				MTL_ENABLE_DEBUG_INFO = NO;
				MTL_FAST_MATH = YES;
				SDKROOT = iphoneos;
				SWIFT_COMPILATION_MODE = wholemodule;
				VALIDATE_PRODUCT = YES;
			};
			name = Release;
		};
		50263AE02CBC2D1D00D139F7 /* Debug */ = {
			isa = XCBuildConfiguration;
			buildSettings = {
				ASSETCATALOG_COMPILER_APPICON_NAME = AppIcon;
				ASSETCATALOG_COMPILER_GLOBAL_ACCENT_COLOR_NAME = AccentColor;
				CODE_SIGN_STYLE = Automatic;
				CURRENT_PROJECT_VERSION = 1;
				DEVELOPMENT_ASSET_PATHS = "\"frontproject/Preview Content\"";
				ENABLE_PREVIEWS = YES;
				GENERATE_INFOPLIST_FILE = YES;
				INFOPLIST_KEY_UIApplicationSceneManifest_Generation = YES;
				INFOPLIST_KEY_UIApplicationSupportsIndirectInputEvents = YES;
				INFOPLIST_KEY_UILaunchScreen_Generation = YES;
				INFOPLIST_KEY_UISupportedInterfaceOrientations_iPad = "UIInterfaceOrientationPortrait UIInterfaceOrientationPortraitUpsideDown UIInterfaceOrientationLandscapeLeft UIInterfaceOrientationLandscapeRight";
				INFOPLIST_KEY_UISupportedInterfaceOrientations_iPhone = "UIInterfaceOrientationPortrait UIInterfaceOrientationLandscapeLeft UIInterfaceOrientationLandscapeRight";
				LD_RUNPATH_SEARCH_PATHS = (
					"$(inherited)",
					"@executable_path/Frameworks",
				);
				MARKETING_VERSION = 1.0;
				PRODUCT_BUNDLE_IDENTIFIER = com.example.frontproject;
				PRODUCT_NAME = "$(TARGET_NAME)";
				SWIFT_EMIT_LOC_STRINGS = YES;
				SWIFT_VERSION = 5.0;
				TARGETED_DEVICE_FAMILY = "1,2";
			};
			name = Debug;
		};
		50263AE12CBC2D1D00D139F7 /* Release */ = {
			isa = XCBuildConfiguration;
			buildSettings = {
				ASSETCATALOG_COMPILER_APPICON_NAME = AppIcon;
				ASSETCATALOG_COMPILER_GLOBAL_ACCENT_COLOR_NAME = AccentColor;
				CODE_SIGN_STYLE = Automatic;
				CURRENT_PROJECT_VERSION = 1;
				DEVELOPMENT_ASSET_PATHS = "\"frontproject/Preview Content\"";
				ENABLE_PREVIEWS = YES;
				GENERATE_INFOPLIST_FILE = YES;
				INFOPLIST_KEY_UIApplicationSceneManifest_Generation = YES;
				INFOPLIST_KEY_UIApplicationSupportsIndirectInputEvents = YES;
				INFOPLIST_KEY_UILaunchScreen_Generation = YES;
				INFOPLIST_KEY_UISupportedInterfaceOrientations_iPad = "UIInterfaceOrientationPortrait UIInterfaceOrientationPortraitUpsideDown UIInterfaceOrientationLandscapeLeft UIInterfaceOrientationLandscapeRight";
				INFOPLIST_KEY_UISupportedInterfaceOrientations_iPhone = "UIInterfaceOrientationPortrait UIInterfaceOrientationLandscapeLeft UIInterfaceOrientationLandscapeRight";
				LD_RUNPATH_SEARCH_PATHS = (
					"$(inherited)",
					"@executable_path/Frameworks",
				);
				MARKETING_VERSION = 1.0;
				PRODUCT_BUNDLE_IDENTIFIER = com.example.frontproject;
				PRODUCT_NAME = "$(TARGET_NAME)";
				SWIFT_EMIT_LOC_STRINGS = YES;
				SWIFT_VERSION = 5.0;
				TARGETED_DEVICE_FAMILY = "1,2";
			};
			name = Release;
		};
		50263AE32CBC2D1D00D139F7 /* Debug */ = {
			isa = XCBuildConfiguration;
			buildSettings = {
				BUNDLE_LOADER = "$(TEST_HOST)";
				CODE_SIGN_STYLE = Automatic;
				CURRENT_PROJECT_VERSION = 1;
				GENERATE_INFOPLIST_FILE = YES;
				IPHONEOS_DEPLOYMENT_TARGET = 18.0;
				MARKETING_VERSION = 1.0;
				PRODUCT_BUNDLE_IDENTIFIER = com.example.frontprojectTests;
				PRODUCT_NAME = "$(TARGET_NAME)";
				SWIFT_EMIT_LOC_STRINGS = NO;
				SWIFT_VERSION = 5.0;
				TARGETED_DEVICE_FAMILY = "1,2";
				TEST_HOST = "$(BUILT_PRODUCTS_DIR)/frontproject.app/$(BUNDLE_EXECUTABLE_FOLDER_PATH)/frontproject";
			};
			name = Debug;
		};
		50263AE42CBC2D1D00D139F7 /* Release */ = {
			isa = XCBuildConfiguration;
			buildSettings = {
				BUNDLE_LOADER = "$(TEST_HOST)";
				CODE_SIGN_STYLE = Automatic;
				CURRENT_PROJECT_VERSION = 1;
				GENERATE_INFOPLIST_FILE = YES;
				IPHONEOS_DEPLOYMENT_TARGET = 18.0;
				MARKETING_VERSION = 1.0;
				PRODUCT_BUNDLE_IDENTIFIER = com.example.frontprojectTests;
				PRODUCT_NAME = "$(TARGET_NAME)";
				SWIFT_EMIT_LOC_STRINGS = NO;
				SWIFT_VERSION = 5.0;
				TARGETED_DEVICE_FAMILY = "1,2";
				TEST_HOST = "$(BUILT_PRODUCTS_DIR)/frontproject.app/$(BUNDLE_EXECUTABLE_FOLDER_PATH)/frontproject";
			};
			name = Release;
		};
		50263AE62CBC2D1D00D139F7 /* Debug */ = {
			isa = XCBuildConfiguration;
			buildSettings = {
				CODE_SIGN_STYLE = Automatic;
				CURRENT_PROJECT_VERSION = 1;
				GENERATE_INFOPLIST_FILE = YES;
				MARKETING_VERSION = 1.0;
				PRODUCT_BUNDLE_IDENTIFIER = com.example.frontprojectUITests;
				PRODUCT_NAME = "$(TARGET_NAME)";
				SWIFT_EMIT_LOC_STRINGS = NO;
				SWIFT_VERSION = 5.0;
				TARGETED_DEVICE_FAMILY = "1,2";
				TEST_TARGET_NAME = frontproject;
			};
			name = Debug;
		};
		50263AE72CBC2D1D00D139F7 /* Release */ = {
			isa = XCBuildConfiguration;
			buildSettings = {
				CODE_SIGN_STYLE = Automatic;
				CURRENT_PROJECT_VERSION = 1;
				GENERATE_INFOPLIST_FILE = YES;
				MARKETING_VERSION = 1.0;
				PRODUCT_BUNDLE_IDENTIFIER = com.example.frontprojectUITests;
				PRODUCT_NAME = "$(TARGET_NAME)";
				SWIFT_EMIT_LOC_STRINGS = NO;
				SWIFT_VERSION = 5.0;
				TARGETED_DEVICE_FAMILY = "1,2";
				TEST_TARGET_NAME = frontproject;
			};
			name = Release;
		};
/* End XCBuildConfiguration section */

/* Begin XCConfigurationList section */
		50263AB62CBC2D1900D139F7 /* Build configuration list for PBXProject "frontproject" */ = {
			isa = XCConfigurationList;
			buildConfigurations = (
				50263ADD2CBC2D1D00D139F7 /* Debug */,
				50263ADE2CBC2D1D00D139F7 /* Release */,
			);
			defaultConfigurationIsVisible = 0;
			defaultConfigurationName = Release;
		};
		50263ADF2CBC2D1D00D139F7 /* Build configuration list for PBXNativeTarget "frontproject" */ = {
			isa = XCConfigurationList;
			buildConfigurations = (
				50263AE02CBC2D1D00D139F7 /* Debug */,
				50263AE12CBC2D1D00D139F7 /* Release */,
			);
			defaultConfigurationIsVisible = 0;
			defaultConfigurationName = Release;
		};
		50263AE22CBC2D1D00D139F7 /* Build configuration list for PBXNativeTarget "frontprojectTests" */ = {
			isa = XCConfigurationList;
			buildConfigurations = (
				50263AE32CBC2D1D00D139F7 /* Debug */,
				50263AE42CBC2D1D00D139F7 /* Release */,
			);
			defaultConfigurationIsVisible = 0;
			defaultConfigurationName = Release;
		};
		50263AE52CBC2D1D00D139F7 /* Build configuration list for PBXNativeTarget "frontprojectUITests" */ = {
			isa = XCConfigurationList;
			buildConfigurations = (
				50263AE62CBC2D1D00D139F7 /* Debug */,
				50263AE72CBC2D1D00D139F7 /* Release */,
			);
			defaultConfigurationIsVisible = 0;
			defaultConfigurationName = Release;
		};
/* End XCConfigurationList section */
	};
	rootObject = 50263AB32CBC2D1900D139F7 /* Project object */;
}
