// !$*UTF8*$!
{
	archiveVersion = 1;
	classes = {
	};
	objectVersion = 77;
	objects = {

/* Begin PBXContainerItemProxy section */
		370E7CB62CE0BC5600D0EE5C /* PBXContainerItemProxy */ = {
			isa = PBXContainerItemProxy;
			containerPortal = 370E7C9D2CE0BC5200D0EE5C /* Project object */;
			proxyType = 1;
			remoteGlobalIDString = 370E7CA42CE0BC5200D0EE5C;
			remoteInfo = ChattingUI;
		};
		370E7CC02CE0BC5600D0EE5C /* PBXContainerItemProxy */ = {
			isa = PBXContainerItemProxy;
			containerPortal = 370E7C9D2CE0BC5200D0EE5C /* Project object */;
			proxyType = 1;
			remoteGlobalIDString = 370E7CA42CE0BC5200D0EE5C;
			remoteInfo = ChattingUI;
		};
/* End PBXContainerItemProxy section */

/* Begin PBXFileReference section */
		370E7CA52CE0BC5200D0EE5C /* ChattingUI.app */ = {isa = PBXFileReference; explicitFileType = wrapper.application; includeInIndex = 0; path = ChattingUI.app; sourceTree = BUILT_PRODUCTS_DIR; };
		370E7CB52CE0BC5600D0EE5C /* ChattingUITests.xctest */ = {isa = PBXFileReference; explicitFileType = wrapper.cfbundle; includeInIndex = 0; path = ChattingUITests.xctest; sourceTree = BUILT_PRODUCTS_DIR; };
		370E7CBF2CE0BC5600D0EE5C /* ChattingUIUITests.xctest */ = {isa = PBXFileReference; explicitFileType = wrapper.cfbundle; includeInIndex = 0; path = ChattingUIUITests.xctest; sourceTree = BUILT_PRODUCTS_DIR; };
/* End PBXFileReference section */

/* Begin PBXFileSystemSynchronizedRootGroup section */
		370E7CA72CE0BC5200D0EE5C /* ChattingUI */ = {
			isa = PBXFileSystemSynchronizedRootGroup;
			path = ChattingUI;
			sourceTree = "<group>";
		};
		370E7CB82CE0BC5600D0EE5C /* ChattingUITests */ = {
			isa = PBXFileSystemSynchronizedRootGroup;
			path = ChattingUITests;
			sourceTree = "<group>";
		};
		370E7CC22CE0BC5600D0EE5C /* ChattingUIUITests */ = {
			isa = PBXFileSystemSynchronizedRootGroup;
			path = ChattingUIUITests;
			sourceTree = "<group>";
		};
/* End PBXFileSystemSynchronizedRootGroup section */

/* Begin PBXFrameworksBuildPhase section */
		370E7CA22CE0BC5200D0EE5C /* Frameworks */ = {
			isa = PBXFrameworksBuildPhase;
			buildActionMask = 2147483647;
			files = (
			);
			runOnlyForDeploymentPostprocessing = 0;
		};
		370E7CB22CE0BC5600D0EE5C /* Frameworks */ = {
			isa = PBXFrameworksBuildPhase;
			buildActionMask = 2147483647;
			files = (
			);
			runOnlyForDeploymentPostprocessing = 0;
		};
		370E7CBC2CE0BC5600D0EE5C /* Frameworks */ = {
			isa = PBXFrameworksBuildPhase;
			buildActionMask = 2147483647;
			files = (
			);
			runOnlyForDeploymentPostprocessing = 0;
		};
/* End PBXFrameworksBuildPhase section */

/* Begin PBXGroup section */
		370E7C9C2CE0BC5200D0EE5C = {
			isa = PBXGroup;
			children = (
				370E7CA72CE0BC5200D0EE5C /* ChattingUI */,
				370E7CB82CE0BC5600D0EE5C /* ChattingUITests */,
				370E7CC22CE0BC5600D0EE5C /* ChattingUIUITests */,
				370E7CA62CE0BC5200D0EE5C /* Products */,
			);
			sourceTree = "<group>";
		};
		370E7CA62CE0BC5200D0EE5C /* Products */ = {
			isa = PBXGroup;
			children = (
				370E7CA52CE0BC5200D0EE5C /* ChattingUI.app */,
				370E7CB52CE0BC5600D0EE5C /* ChattingUITests.xctest */,
				370E7CBF2CE0BC5600D0EE5C /* ChattingUIUITests.xctest */,
			);
			name = Products;
			sourceTree = "<group>";
		};
/* End PBXGroup section */

/* Begin PBXNativeTarget section */
		370E7CA42CE0BC5200D0EE5C /* ChattingUI */ = {
			isa = PBXNativeTarget;
			buildConfigurationList = 370E7CC92CE0BC5600D0EE5C /* Build configuration list for PBXNativeTarget "ChattingUI" */;
			buildPhases = (
				370E7CA12CE0BC5200D0EE5C /* Sources */,
				370E7CA22CE0BC5200D0EE5C /* Frameworks */,
				370E7CA32CE0BC5200D0EE5C /* Resources */,
			);
			buildRules = (
			);
			dependencies = (
			);
			fileSystemSynchronizedGroups = (
				370E7CA72CE0BC5200D0EE5C /* ChattingUI */,
			);
			name = ChattingUI;
			packageProductDependencies = (
			);
			productName = ChattingUI;
			productReference = 370E7CA52CE0BC5200D0EE5C /* ChattingUI.app */;
			productType = "com.apple.product-type.application";
		};
		370E7CB42CE0BC5600D0EE5C /* ChattingUITests */ = {
			isa = PBXNativeTarget;
			buildConfigurationList = 370E7CCC2CE0BC5600D0EE5C /* Build configuration list for PBXNativeTarget "ChattingUITests" */;
			buildPhases = (
				370E7CB12CE0BC5600D0EE5C /* Sources */,
				370E7CB22CE0BC5600D0EE5C /* Frameworks */,
				370E7CB32CE0BC5600D0EE5C /* Resources */,
			);
			buildRules = (
			);
			dependencies = (
				370E7CB72CE0BC5600D0EE5C /* PBXTargetDependency */,
			);
			fileSystemSynchronizedGroups = (
				370E7CB82CE0BC5600D0EE5C /* ChattingUITests */,
			);
			name = ChattingUITests;
			packageProductDependencies = (
			);
			productName = ChattingUITests;
			productReference = 370E7CB52CE0BC5600D0EE5C /* ChattingUITests.xctest */;
			productType = "com.apple.product-type.bundle.unit-test";
		};
		370E7CBE2CE0BC5600D0EE5C /* ChattingUIUITests */ = {
			isa = PBXNativeTarget;
			buildConfigurationList = 370E7CCF2CE0BC5600D0EE5C /* Build configuration list for PBXNativeTarget "ChattingUIUITests" */;
			buildPhases = (
				370E7CBB2CE0BC5600D0EE5C /* Sources */,
				370E7CBC2CE0BC5600D0EE5C /* Frameworks */,
				370E7CBD2CE0BC5600D0EE5C /* Resources */,
			);
			buildRules = (
			);
			dependencies = (
				370E7CC12CE0BC5600D0EE5C /* PBXTargetDependency */,
			);
			fileSystemSynchronizedGroups = (
				370E7CC22CE0BC5600D0EE5C /* ChattingUIUITests */,
			);
			name = ChattingUIUITests;
			packageProductDependencies = (
			);
			productName = ChattingUIUITests;
			productReference = 370E7CBF2CE0BC5600D0EE5C /* ChattingUIUITests.xctest */;
			productType = "com.apple.product-type.bundle.ui-testing";
		};
/* End PBXNativeTarget section */

/* Begin PBXProject section */
		370E7C9D2CE0BC5200D0EE5C /* Project object */ = {
			isa = PBXProject;
			attributes = {
				BuildIndependentTargetsInParallel = 1;
				LastSwiftUpdateCheck = 1600;
				LastUpgradeCheck = 1600;
				TargetAttributes = {
					370E7CA42CE0BC5200D0EE5C = {
						CreatedOnToolsVersion = 16.0;
					};
					370E7CB42CE0BC5600D0EE5C = {
						CreatedOnToolsVersion = 16.0;
						TestTargetID = 370E7CA42CE0BC5200D0EE5C;
					};
					370E7CBE2CE0BC5600D0EE5C = {
						CreatedOnToolsVersion = 16.0;
						TestTargetID = 370E7CA42CE0BC5200D0EE5C;
					};
				};
			};
			buildConfigurationList = 370E7CA02CE0BC5200D0EE5C /* Build configuration list for PBXProject "ChattingUI" */;
			developmentRegion = en;
			hasScannedForEncodings = 0;
			knownRegions = (
				en,
				Base,
			);
			mainGroup = 370E7C9C2CE0BC5200D0EE5C;
			minimizedProjectReferenceProxies = 1;
			preferredProjectObjectVersion = 77;
			productRefGroup = 370E7CA62CE0BC5200D0EE5C /* Products */;
			projectDirPath = "";
			projectRoot = "";
			targets = (
				370E7CA42CE0BC5200D0EE5C /* ChattingUI */,
				370E7CB42CE0BC5600D0EE5C /* ChattingUITests */,
				370E7CBE2CE0BC5600D0EE5C /* ChattingUIUITests */,
			);
		};
/* End PBXProject section */

/* Begin PBXResourcesBuildPhase section */
		370E7CA32CE0BC5200D0EE5C /* Resources */ = {
			isa = PBXResourcesBuildPhase;
			buildActionMask = 2147483647;
			files = (
			);
			runOnlyForDeploymentPostprocessing = 0;
		};
		370E7CB32CE0BC5600D0EE5C /* Resources */ = {
			isa = PBXResourcesBuildPhase;
			buildActionMask = 2147483647;
			files = (
			);
			runOnlyForDeploymentPostprocessing = 0;
		};
		370E7CBD2CE0BC5600D0EE5C /* Resources */ = {
			isa = PBXResourcesBuildPhase;
			buildActionMask = 2147483647;
			files = (
			);
			runOnlyForDeploymentPostprocessing = 0;
		};
/* End PBXResourcesBuildPhase section */

/* Begin PBXSourcesBuildPhase section */
		370E7CA12CE0BC5200D0EE5C /* Sources */ = {
			isa = PBXSourcesBuildPhase;
			buildActionMask = 2147483647;
			files = (
			);
			runOnlyForDeploymentPostprocessing = 0;
		};
		370E7CB12CE0BC5600D0EE5C /* Sources */ = {
			isa = PBXSourcesBuildPhase;
			buildActionMask = 2147483647;
			files = (
			);
			runOnlyForDeploymentPostprocessing = 0;
		};
		370E7CBB2CE0BC5600D0EE5C /* Sources */ = {
			isa = PBXSourcesBuildPhase;
			buildActionMask = 2147483647;
			files = (
			);
			runOnlyForDeploymentPostprocessing = 0;
		};
/* End PBXSourcesBuildPhase section */

/* Begin PBXTargetDependency section */
		370E7CB72CE0BC5600D0EE5C /* PBXTargetDependency */ = {
			isa = PBXTargetDependency;
			target = 370E7CA42CE0BC5200D0EE5C /* ChattingUI */;
			targetProxy = 370E7CB62CE0BC5600D0EE5C /* PBXContainerItemProxy */;
		};
		370E7CC12CE0BC5600D0EE5C /* PBXTargetDependency */ = {
			isa = PBXTargetDependency;
			target = 370E7CA42CE0BC5200D0EE5C /* ChattingUI */;
			targetProxy = 370E7CC02CE0BC5600D0EE5C /* PBXContainerItemProxy */;
		};
/* End PBXTargetDependency section */

/* Begin XCBuildConfiguration section */
		370E7CC72CE0BC5600D0EE5C /* Debug */ = {
			isa = XCBuildConfiguration;
			buildSettings = {
				ALWAYS_SEARCH_USER_PATHS = NO;
				ASSETCATALOG_COMPILER_GENERATE_SWIFT_ASSET_SYMBOL_EXTENSIONS = YES;
				CLANG_ANALYZER_NONNULL = YES;
				CLANG_ANALYZER_NUMBER_OBJECT_CONVERSION = YES_AGGRESSIVE;
				CLANG_CXX_LANGUAGE_STANDARD = "gnu++20";
				CLANG_ENABLE_MODULES = YES;
				CLANG_ENABLE_OBJC_ARC = YES;
				CLANG_ENABLE_OBJC_WEAK = YES;
				CLANG_WARN_BLOCK_CAPTURE_AUTORELEASING = YES;
				CLANG_WARN_BOOL_CONVERSION = YES;
				CLANG_WARN_COMMA = YES;
				CLANG_WARN_CONSTANT_CONVERSION = YES;
				CLANG_WARN_DEPRECATED_OBJC_IMPLEMENTATIONS = YES;
				CLANG_WARN_DIRECT_OBJC_ISA_USAGE = YES_ERROR;
				CLANG_WARN_DOCUMENTATION_COMMENTS = YES;
				CLANG_WARN_EMPTY_BODY = YES;
				CLANG_WARN_ENUM_CONVERSION = YES;
				CLANG_WARN_INFINITE_RECURSION = YES;
				CLANG_WARN_INT_CONVERSION = YES;
				CLANG_WARN_NON_LITERAL_NULL_CONVERSION = YES;
				CLANG_WARN_OBJC_IMPLICIT_RETAIN_SELF = YES;
				CLANG_WARN_OBJC_LITERAL_CONVERSION = YES;
				CLANG_WARN_OBJC_ROOT_CLASS = YES_ERROR;
				CLANG_WARN_QUOTED_INCLUDE_IN_FRAMEWORK_HEADER = YES;
				CLANG_WARN_RANGE_LOOP_ANALYSIS = YES;
				CLANG_WARN_STRICT_PROTOTYPES = YES;
				CLANG_WARN_SUSPICIOUS_MOVE = YES;
				CLANG_WARN_UNGUARDED_AVAILABILITY = YES_AGGRESSIVE;
				CLANG_WARN_UNREACHABLE_CODE = YES;
				CLANG_WARN__DUPLICATE_METHOD_MATCH = YES;
				COPY_PHASE_STRIP = NO;
				DEBUG_INFORMATION_FORMAT = dwarf;
				ENABLE_STRICT_OBJC_MSGSEND = YES;
				ENABLE_TESTABILITY = YES;
				ENABLE_USER_SCRIPT_SANDBOXING = YES;
				GCC_C_LANGUAGE_STANDARD = gnu17;
				GCC_DYNAMIC_NO_PIC = NO;
				GCC_NO_COMMON_BLOCKS = YES;
				GCC_OPTIMIZATION_LEVEL = 0;
				GCC_PREPROCESSOR_DEFINITIONS = (
					"DEBUG=1",
					"$(inherited)",
				);
				GCC_WARN_64_TO_32_BIT_CONVERSION = YES;
				GCC_WARN_ABOUT_RETURN_TYPE = YES_ERROR;
				GCC_WARN_UNDECLARED_SELECTOR = YES;
				GCC_WARN_UNINITIALIZED_AUTOS = YES_AGGRESSIVE;
				GCC_WARN_UNUSED_FUNCTION = YES;
				GCC_WARN_UNUSED_VARIABLE = YES;
				IPHONEOS_DEPLOYMENT_TARGET = 18.0;
				LOCALIZATION_PREFERS_STRING_CATALOGS = YES;
				MTL_ENABLE_DEBUG_INFO = INCLUDE_SOURCE;
				MTL_FAST_MATH = YES;
				ONLY_ACTIVE_ARCH = YES;
				SDKROOT = iphoneos;
				SWIFT_ACTIVE_COMPILATION_CONDITIONS = "DEBUG $(inherited)";
				SWIFT_OPTIMIZATION_LEVEL = "-Onone";
			};
			name = Debug;
		};
		370E7CC82CE0BC5600D0EE5C /* Release */ = {
			isa = XCBuildConfiguration;
			buildSettings = {
				ALWAYS_SEARCH_USER_PATHS = NO;
				ASSETCATALOG_COMPILER_GENERATE_SWIFT_ASSET_SYMBOL_EXTENSIONS = YES;
				CLANG_ANALYZER_NONNULL = YES;
				CLANG_ANALYZER_NUMBER_OBJECT_CONVERSION = YES_AGGRESSIVE;
				CLANG_CXX_LANGUAGE_STANDARD = "gnu++20";
				CLANG_ENABLE_MODULES = YES;
				CLANG_ENABLE_OBJC_ARC = YES;
				CLANG_ENABLE_OBJC_WEAK = YES;
				CLANG_WARN_BLOCK_CAPTURE_AUTORELEASING = YES;
				CLANG_WARN_BOOL_CONVERSION = YES;
				CLANG_WARN_COMMA = YES;
				CLANG_WARN_CONSTANT_CONVERSION = YES;
				CLANG_WARN_DEPRECATED_OBJC_IMPLEMENTATIONS = YES;
				CLANG_WARN_DIRECT_OBJC_ISA_USAGE = YES_ERROR;
				CLANG_WARN_DOCUMENTATION_COMMENTS = YES;
				CLANG_WARN_EMPTY_BODY = YES;
				CLANG_WARN_ENUM_CONVERSION = YES;
				CLANG_WARN_INFINITE_RECURSION = YES;
				CLANG_WARN_INT_CONVERSION = YES;
				CLANG_WARN_NON_LITERAL_NULL_CONVERSION = YES;
				CLANG_WARN_OBJC_IMPLICIT_RETAIN_SELF = YES;
				CLANG_WARN_OBJC_LITERAL_CONVERSION = YES;
				CLANG_WARN_OBJC_ROOT_CLASS = YES_ERROR;
				CLANG_WARN_QUOTED_INCLUDE_IN_FRAMEWORK_HEADER = YES;
				CLANG_WARN_RANGE_LOOP_ANALYSIS = YES;
				CLANG_WARN_STRICT_PROTOTYPES = YES;
				CLANG_WARN_SUSPICIOUS_MOVE = YES;
				CLANG_WARN_UNGUARDED_AVAILABILITY = YES_AGGRESSIVE;
				CLANG_WARN_UNREACHABLE_CODE = YES;
				CLANG_WARN__DUPLICATE_METHOD_MATCH = YES;
				COPY_PHASE_STRIP = NO;
				DEBUG_INFORMATION_FORMAT = "dwarf-with-dsym";
				ENABLE_NS_ASSERTIONS = NO;
				ENABLE_STRICT_OBJC_MSGSEND = YES;
				ENABLE_USER_SCRIPT_SANDBOXING = YES;
				GCC_C_LANGUAGE_STANDARD = gnu17;
				GCC_NO_COMMON_BLOCKS = YES;
				GCC_WARN_64_TO_32_BIT_CONVERSION = YES;
				GCC_WARN_ABOUT_RETURN_TYPE = YES_ERROR;
				GCC_WARN_UNDECLARED_SELECTOR = YES;
				GCC_WARN_UNINITIALIZED_AUTOS = YES_AGGRESSIVE;
				GCC_WARN_UNUSED_FUNCTION = YES;
				GCC_WARN_UNUSED_VARIABLE = YES;
				IPHONEOS_DEPLOYMENT_TARGET = 18.0;
				LOCALIZATION_PREFERS_STRING_CATALOGS = YES;
				MTL_ENABLE_DEBUG_INFO = NO;
				MTL_FAST_MATH = YES;
				SDKROOT = iphoneos;
				SWIFT_COMPILATION_MODE = wholemodule;
				VALIDATE_PRODUCT = YES;
			};
			name = Release;
		};
		370E7CCA2CE0BC5600D0EE5C /* Debug */ = {
			isa = XCBuildConfiguration;
			buildSettings = {
				ASSETCATALOG_COMPILER_APPICON_NAME = AppIcon;
				ASSETCATALOG_COMPILER_GLOBAL_ACCENT_COLOR_NAME = AccentColor;
				CODE_SIGN_STYLE = Automatic;
				CURRENT_PROJECT_VERSION = 1;
				DEVELOPMENT_ASSET_PATHS = "\"ChattingUI/Preview Content\"";
				ENABLE_PREVIEWS = YES;
				GENERATE_INFOPLIST_FILE = YES;
				INFOPLIST_KEY_UIApplicationSceneManifest_Generation = YES;
				INFOPLIST_KEY_UIApplicationSupportsIndirectInputEvents = YES;
				INFOPLIST_KEY_UILaunchScreen_Generation = YES;
				INFOPLIST_KEY_UISupportedInterfaceOrientations_iPad = "UIInterfaceOrientationPortrait UIInterfaceOrientationPortraitUpsideDown UIInterfaceOrientationLandscapeLeft UIInterfaceOrientationLandscapeRight";
				INFOPLIST_KEY_UISupportedInterfaceOrientations_iPhone = "UIInterfaceOrientationPortrait UIInterfaceOrientationLandscapeLeft UIInterfaceOrientationLandscapeRight";
				LD_RUNPATH_SEARCH_PATHS = (
					"$(inherited)",
					"@executable_path/Frameworks",
				);
				MARKETING_VERSION = 1.0;
				PRODUCT_BUNDLE_IDENTIFIER = com.chattingUI.ChattingUI;
				PRODUCT_NAME = "$(TARGET_NAME)";
				SWIFT_EMIT_LOC_STRINGS = YES;
				SWIFT_VERSION = 5.0;
				TARGETED_DEVICE_FAMILY = "1,2";
			};
			name = Debug;
		};
		370E7CCB2CE0BC5600D0EE5C /* Release */ = {
			isa = XCBuildConfiguration;
			buildSettings = {
				ASSETCATALOG_COMPILER_APPICON_NAME = AppIcon;
				ASSETCATALOG_COMPILER_GLOBAL_ACCENT_COLOR_NAME = AccentColor;
				CODE_SIGN_STYLE = Automatic;
				CURRENT_PROJECT_VERSION = 1;
				DEVELOPMENT_ASSET_PATHS = "\"ChattingUI/Preview Content\"";
				ENABLE_PREVIEWS = YES;
				GENERATE_INFOPLIST_FILE = YES;
				INFOPLIST_KEY_UIApplicationSceneManifest_Generation = YES;
				INFOPLIST_KEY_UIApplicationSupportsIndirectInputEvents = YES;
				INFOPLIST_KEY_UILaunchScreen_Generation = YES;
				INFOPLIST_KEY_UISupportedInterfaceOrientations_iPad = "UIInterfaceOrientationPortrait UIInterfaceOrientationPortraitUpsideDown UIInterfaceOrientationLandscapeLeft UIInterfaceOrientationLandscapeRight";
				INFOPLIST_KEY_UISupportedInterfaceOrientations_iPhone = "UIInterfaceOrientationPortrait UIInterfaceOrientationLandscapeLeft UIInterfaceOrientationLandscapeRight";
				LD_RUNPATH_SEARCH_PATHS = (
					"$(inherited)",
					"@executable_path/Frameworks",
				);
				MARKETING_VERSION = 1.0;
				PRODUCT_BUNDLE_IDENTIFIER = com.chattingUI.ChattingUI;
				PRODUCT_NAME = "$(TARGET_NAME)";
				SWIFT_EMIT_LOC_STRINGS = YES;
				SWIFT_VERSION = 5.0;
				TARGETED_DEVICE_FAMILY = "1,2";
			};
			name = Release;
		};
		370E7CCD2CE0BC5600D0EE5C /* Debug */ = {
			isa = XCBuildConfiguration;
			buildSettings = {
				BUNDLE_LOADER = "$(TEST_HOST)";
				CODE_SIGN_STYLE = Automatic;
				CURRENT_PROJECT_VERSION = 1;
				GENERATE_INFOPLIST_FILE = YES;
				IPHONEOS_DEPLOYMENT_TARGET = 18.0;
				MARKETING_VERSION = 1.0;
				PRODUCT_BUNDLE_IDENTIFIER = com.chattingUI.ChattingUITests;
				PRODUCT_NAME = "$(TARGET_NAME)";
				SWIFT_EMIT_LOC_STRINGS = NO;
				SWIFT_VERSION = 5.0;
				TARGETED_DEVICE_FAMILY = "1,2";
				TEST_HOST = "$(BUILT_PRODUCTS_DIR)/ChattingUI.app/$(BUNDLE_EXECUTABLE_FOLDER_PATH)/ChattingUI";
			};
			name = Debug;
		};
		370E7CCE2CE0BC5600D0EE5C /* Release */ = {
			isa = XCBuildConfiguration;
			buildSettings = {
				BUNDLE_LOADER = "$(TEST_HOST)";
				CODE_SIGN_STYLE = Automatic;
				CURRENT_PROJECT_VERSION = 1;
				GENERATE_INFOPLIST_FILE = YES;
				IPHONEOS_DEPLOYMENT_TARGET = 18.0;
				MARKETING_VERSION = 1.0;
				PRODUCT_BUNDLE_IDENTIFIER = com.chattingUI.ChattingUITests;
				PRODUCT_NAME = "$(TARGET_NAME)";
				SWIFT_EMIT_LOC_STRINGS = NO;
				SWIFT_VERSION = 5.0;
				TARGETED_DEVICE_FAMILY = "1,2";
				TEST_HOST = "$(BUILT_PRODUCTS_DIR)/ChattingUI.app/$(BUNDLE_EXECUTABLE_FOLDER_PATH)/ChattingUI";
			};
			name = Release;
		};
		370E7CD02CE0BC5600D0EE5C /* Debug */ = {
			isa = XCBuildConfiguration;
			buildSettings = {
				CODE_SIGN_STYLE = Automatic;
				CURRENT_PROJECT_VERSION = 1;
				GENERATE_INFOPLIST_FILE = YES;
				MARKETING_VERSION = 1.0;
				PRODUCT_BUNDLE_IDENTIFIER = com.chattingUI.ChattingUIUITests;
				PRODUCT_NAME = "$(TARGET_NAME)";
				SWIFT_EMIT_LOC_STRINGS = NO;
				SWIFT_VERSION = 5.0;
				TARGETED_DEVICE_FAMILY = "1,2";
				TEST_TARGET_NAME = ChattingUI;
			};
			name = Debug;
		};
		370E7CD12CE0BC5600D0EE5C /* Release */ = {
			isa = XCBuildConfiguration;
			buildSettings = {
				CODE_SIGN_STYLE = Automatic;
				CURRENT_PROJECT_VERSION = 1;
				GENERATE_INFOPLIST_FILE = YES;
				MARKETING_VERSION = 1.0;
				PRODUCT_BUNDLE_IDENTIFIER = com.chattingUI.ChattingUIUITests;
				PRODUCT_NAME = "$(TARGET_NAME)";
				SWIFT_EMIT_LOC_STRINGS = NO;
				SWIFT_VERSION = 5.0;
				TARGETED_DEVICE_FAMILY = "1,2";
				TEST_TARGET_NAME = ChattingUI;
			};
			name = Release;
		};
/* End XCBuildConfiguration section */

/* Begin XCConfigurationList section */
		370E7CA02CE0BC5200D0EE5C /* Build configuration list for PBXProject "ChattingUI" */ = {
			isa = XCConfigurationList;
			buildConfigurations = (
				370E7CC72CE0BC5600D0EE5C /* Debug */,
				370E7CC82CE0BC5600D0EE5C /* Release */,
			);
			defaultConfigurationIsVisible = 0;
			defaultConfigurationName = Release;
		};
		370E7CC92CE0BC5600D0EE5C /* Build configuration list for PBXNativeTarget "ChattingUI" */ = {
			isa = XCConfigurationList;
			buildConfigurations = (
				370E7CCA2CE0BC5600D0EE5C /* Debug */,
				370E7CCB2CE0BC5600D0EE5C /* Release */,
			);
			defaultConfigurationIsVisible = 0;
			defaultConfigurationName = Release;
		};
		370E7CCC2CE0BC5600D0EE5C /* Build configuration list for PBXNativeTarget "ChattingUITests" */ = {
			isa = XCConfigurationList;
			buildConfigurations = (
				370E7CCD2CE0BC5600D0EE5C /* Debug */,
				370E7CCE2CE0BC5600D0EE5C /* Release */,
			);
			defaultConfigurationIsVisible = 0;
			defaultConfigurationName = Release;
		};
		370E7CCF2CE0BC5600D0EE5C /* Build configuration list for PBXNativeTarget "ChattingUIUITests" */ = {
			isa = XCConfigurationList;
			buildConfigurations = (
				370E7CD02CE0BC5600D0EE5C /* Debug */,
				370E7CD12CE0BC5600D0EE5C /* Release */,
			);
			defaultConfigurationIsVisible = 0;
			defaultConfigurationName = Release;
		};
/* End XCConfigurationList section */
	};
	rootObject = 370E7C9D2CE0BC5200D0EE5C /* Project object */;
}
