// !$*UTF8*$!
{
	archiveVersion = 1;
	classes = {
	};
	objectVersion = 77;
	objects = {

/* Begin PBXBuildFile section */
		7869A9902D1D354D00DA962D /* FirebaseStorage in Frameworks */ = {isa = PBXBuildFile; productRef = 7869A98F2D1D354D00DA962D /* FirebaseStorage */; };
		AADB16AF2D1CF6A3000C5C14 /* FirebaseFunctions in Frameworks */ = {isa = PBXBuildFile; productRef = AADB16AE2D1CF6A3000C5C14 /* FirebaseFunctions */; };
		AADEBE772D1B2CFE0082307B /* GoogleSignIn in Frameworks */ = {isa = PBXBuildFile; productRef = AADEBE762D1B2CFE0082307B /* GoogleSignIn */; };
		AADEBE792D1B2CFE0082307B /* GoogleSignInSwift in Frameworks */ = {isa = PBXBuildFile; productRef = AADEBE782D1B2CFE0082307B /* GoogleSignInSwift */; };
		AADEBE7C2D1B2D2D0082307B /* FirebaseAuth in Frameworks */ = {isa = PBXBuildFile; productRef = AADEBE7B2D1B2D2D0082307B /* FirebaseAuth */; };
		AADEBE7E2D1B2D2D0082307B /* FirebaseCore in Frameworks */ = {isa = PBXBuildFile; productRef = AADEBE7D2D1B2D2D0082307B /* FirebaseCore */; };
		AADEBE802D1B2D2D0082307B /* FirebaseFirestore in Frameworks */ = {isa = PBXBuildFile; productRef = AADEBE7F2D1B2D2D0082307B /* FirebaseFirestore */; };
/* End PBXBuildFile section */

/* Begin PBXContainerItemProxy section */
		AADEBDD22D1B2AA10082307B /* PBXContainerItemProxy */ = {
			isa = PBXContainerItemProxy;
			containerPortal = AADEBDB92D1B2A9E0082307B /* Project object */;
			proxyType = 1;
			remoteGlobalIDString = AADEBDC02D1B2A9E0082307B;
			remoteInfo = hkkim_front;
		};
		AADEBDDC2D1B2AA10082307B /* PBXContainerItemProxy */ = {
			isa = PBXContainerItemProxy;
			containerPortal = AADEBDB92D1B2A9E0082307B /* Project object */;
			proxyType = 1;
			remoteGlobalIDString = AADEBDC02D1B2A9E0082307B;
			remoteInfo = hkkim_front;
		};
/* End PBXContainerItemProxy section */

/* Begin PBXFileReference section */
		AADEBDC12D1B2A9E0082307B /* hkkim_front.app */ = {isa = PBXFileReference; explicitFileType = wrapper.application; includeInIndex = 0; path = hkkim_front.app; sourceTree = BUILT_PRODUCTS_DIR; };
		AADEBDD12D1B2AA10082307B /* hkkim_frontTests.xctest */ = {isa = PBXFileReference; explicitFileType = wrapper.cfbundle; includeInIndex = 0; path = hkkim_frontTests.xctest; sourceTree = BUILT_PRODUCTS_DIR; };
		AADEBDDB2D1B2AA10082307B /* hkkim_frontUITests.xctest */ = {isa = PBXFileReference; explicitFileType = wrapper.cfbundle; includeInIndex = 0; path = hkkim_frontUITests.xctest; sourceTree = BUILT_PRODUCTS_DIR; };
/* End PBXFileReference section */

/* Begin PBXFileSystemSynchronizedRootGroup section */
		AADEBDC32D1B2A9E0082307B /* hkkim_front */ = {
			isa = PBXFileSystemSynchronizedRootGroup;
			path = hkkim_front;
			sourceTree = "<group>";
		};
		AADEBDD42D1B2AA10082307B /* hkkim_frontTests */ = {
			isa = PBXFileSystemSynchronizedRootGroup;
			path = hkkim_frontTests;
			sourceTree = "<group>";
		};
		AADEBDDE2D1B2AA10082307B /* hkkim_frontUITests */ = {
			isa = PBXFileSystemSynchronizedRootGroup;
			path = hkkim_frontUITests;
			sourceTree = "<group>";
		};
/* End PBXFileSystemSynchronizedRootGroup section */

/* Begin PBXFrameworksBuildPhase section */
		AADEBDBE2D1B2A9E0082307B /* Frameworks */ = {
			isa = PBXFrameworksBuildPhase;
			buildActionMask = 2147483647;
			files = (
				AADEBE772D1B2CFE0082307B /* GoogleSignIn in Frameworks */,
				AADEBE7C2D1B2D2D0082307B /* FirebaseAuth in Frameworks */,
				AADEBE7E2D1B2D2D0082307B /* FirebaseCore in Frameworks */,
				AADB16AF2D1CF6A3000C5C14 /* FirebaseFunctions in Frameworks */,
				7869A9902D1D354D00DA962D /* FirebaseStorage in Frameworks */,
				AADEBE802D1B2D2D0082307B /* FirebaseFirestore in Frameworks */,
				AADEBE792D1B2CFE0082307B /* GoogleSignInSwift in Frameworks */,
			);
			runOnlyForDeploymentPostprocessing = 0;
		};
		AADEBDCE2D1B2AA10082307B /* Frameworks */ = {
			isa = PBXFrameworksBuildPhase;
			buildActionMask = 2147483647;
			files = (
			);
			runOnlyForDeploymentPostprocessing = 0;
		};
		AADEBDD82D1B2AA10082307B /* Frameworks */ = {
			isa = PBXFrameworksBuildPhase;
			buildActionMask = 2147483647;
			files = (
			);
			runOnlyForDeploymentPostprocessing = 0;
		};
/* End PBXFrameworksBuildPhase section */

/* Begin PBXGroup section */
		AADEBDB82D1B2A9E0082307B = {
			isa = PBXGroup;
			children = (
				AADEBDC32D1B2A9E0082307B /* hkkim_front */,
				AADEBDD42D1B2AA10082307B /* hkkim_frontTests */,
				AADEBDDE2D1B2AA10082307B /* hkkim_frontUITests */,
				AADEBDC22D1B2A9E0082307B /* Products */,
			);
			sourceTree = "<group>";
		};
		AADEBDC22D1B2A9E0082307B /* Products */ = {
			isa = PBXGroup;
			children = (
				AADEBDC12D1B2A9E0082307B /* hkkim_front.app */,
				AADEBDD12D1B2AA10082307B /* hkkim_frontTests.xctest */,
				AADEBDDB2D1B2AA10082307B /* hkkim_frontUITests.xctest */,
			);
			name = Products;
			sourceTree = "<group>";
		};
/* End PBXGroup section */

/* Begin PBXNativeTarget section */
		AADEBDC02D1B2A9E0082307B /* hkkim_front */ = {
			isa = PBXNativeTarget;
			buildConfigurationList = AADEBDE52D1B2AA10082307B /* Build configuration list for PBXNativeTarget "hkkim_front" */;
			buildPhases = (
				AADEBDBD2D1B2A9E0082307B /* Sources */,
				AADEBDBE2D1B2A9E0082307B /* Frameworks */,
				AADEBDBF2D1B2A9E0082307B /* Resources */,
			);
			buildRules = (
			);
			dependencies = (
			);
			fileSystemSynchronizedGroups = (
				AADEBDC32D1B2A9E0082307B /* hkkim_front */,
			);
			name = hkkim_front;
			packageProductDependencies = (
				AADEBE762D1B2CFE0082307B /* GoogleSignIn */,
				AADEBE782D1B2CFE0082307B /* GoogleSignInSwift */,
				AADEBE7B2D1B2D2D0082307B /* FirebaseAuth */,
				AADEBE7D2D1B2D2D0082307B /* FirebaseCore */,
				AADEBE7F2D1B2D2D0082307B /* FirebaseFirestore */,
				AADB16AE2D1CF6A3000C5C14 /* FirebaseFunctions */,
				7869A98F2D1D354D00DA962D /* FirebaseStorage */,
			);
			productName = hkkim_front;
			productReference = AADEBDC12D1B2A9E0082307B /* hkkim_front.app */;
			productType = "com.apple.product-type.application";
		};
		AADEBDD02D1B2AA10082307B /* hkkim_frontTests */ = {
			isa = PBXNativeTarget;
			buildConfigurationList = AADEBDE82D1B2AA10082307B /* Build configuration list for PBXNativeTarget "hkkim_frontTests" */;
			buildPhases = (
				AADEBDCD2D1B2AA10082307B /* Sources */,
				AADEBDCE2D1B2AA10082307B /* Frameworks */,
				AADEBDCF2D1B2AA10082307B /* Resources */,
			);
			buildRules = (
			);
			dependencies = (
				AADEBDD32D1B2AA10082307B /* PBXTargetDependency */,
			);
			fileSystemSynchronizedGroups = (
				AADEBDD42D1B2AA10082307B /* hkkim_frontTests */,
			);
			name = hkkim_frontTests;
			packageProductDependencies = (
			);
			productName = hkkim_frontTests;
			productReference = AADEBDD12D1B2AA10082307B /* hkkim_frontTests.xctest */;
			productType = "com.apple.product-type.bundle.unit-test";
		};
		AADEBDDA2D1B2AA10082307B /* hkkim_frontUITests */ = {
			isa = PBXNativeTarget;
			buildConfigurationList = AADEBDEB2D1B2AA10082307B /* Build configuration list for PBXNativeTarget "hkkim_frontUITests" */;
			buildPhases = (
				AADEBDD72D1B2AA10082307B /* Sources */,
				AADEBDD82D1B2AA10082307B /* Frameworks */,
				AADEBDD92D1B2AA10082307B /* Resources */,
			);
			buildRules = (
			);
			dependencies = (
				AADEBDDD2D1B2AA10082307B /* PBXTargetDependency */,
			);
			fileSystemSynchronizedGroups = (
				AADEBDDE2D1B2AA10082307B /* hkkim_frontUITests */,
			);
			name = hkkim_frontUITests;
			packageProductDependencies = (
			);
			productName = hkkim_frontUITests;
			productReference = AADEBDDB2D1B2AA10082307B /* hkkim_frontUITests.xctest */;
			productType = "com.apple.product-type.bundle.ui-testing";
		};
/* End PBXNativeTarget section */

/* Begin PBXProject section */
		AADEBDB92D1B2A9E0082307B /* Project object */ = {
			isa = PBXProject;
			attributes = {
				BuildIndependentTargetsInParallel = 1;
				LastSwiftUpdateCheck = 1600;
				LastUpgradeCheck = 1600;
				TargetAttributes = {
					AADEBDC02D1B2A9E0082307B = {
						CreatedOnToolsVersion = 16.0;
					};
					AADEBDD02D1B2AA10082307B = {
						CreatedOnToolsVersion = 16.0;
						TestTargetID = AADEBDC02D1B2A9E0082307B;
					};
					AADEBDDA2D1B2AA10082307B = {
						CreatedOnToolsVersion = 16.0;
						TestTargetID = AADEBDC02D1B2A9E0082307B;
					};
				};
			};
			buildConfigurationList = AADEBDBC2D1B2A9E0082307B /* Build configuration list for PBXProject "hkkim_front" */;
			developmentRegion = en;
			hasScannedForEncodings = 0;
			knownRegions = (
				en,
				Base,
			);
			mainGroup = AADEBDB82D1B2A9E0082307B;
			minimizedProjectReferenceProxies = 1;
			packageReferences = (
				AADEBE752D1B2CFE0082307B /* XCRemoteSwiftPackageReference "GoogleSignIn-iOS" */,
				AADEBE7A2D1B2D2D0082307B /* XCRemoteSwiftPackageReference "firebase-ios-sdk" */,
			);
			preferredProjectObjectVersion = 77;
			productRefGroup = AADEBDC22D1B2A9E0082307B /* Products */;
			projectDirPath = "";
			projectRoot = "";
			targets = (
				AADEBDC02D1B2A9E0082307B /* hkkim_front */,
				AADEBDD02D1B2AA10082307B /* hkkim_frontTests */,
				AADEBDDA2D1B2AA10082307B /* hkkim_frontUITests */,
			);
		};
/* End PBXProject section */

/* Begin PBXResourcesBuildPhase section */
		AADEBDBF2D1B2A9E0082307B /* Resources */ = {
			isa = PBXResourcesBuildPhase;
			buildActionMask = 2147483647;
			files = (
			);
			runOnlyForDeploymentPostprocessing = 0;
		};
		AADEBDCF2D1B2AA10082307B /* Resources */ = {
			isa = PBXResourcesBuildPhase;
			buildActionMask = 2147483647;
			files = (
			);
			runOnlyForDeploymentPostprocessing = 0;
		};
		AADEBDD92D1B2AA10082307B /* Resources */ = {
			isa = PBXResourcesBuildPhase;
			buildActionMask = 2147483647;
			files = (
			);
			runOnlyForDeploymentPostprocessing = 0;
		};
/* End PBXResourcesBuildPhase section */

/* Begin PBXSourcesBuildPhase section */
		AADEBDBD2D1B2A9E0082307B /* Sources */ = {
			isa = PBXSourcesBuildPhase;
			buildActionMask = 2147483647;
			files = (
			);
			runOnlyForDeploymentPostprocessing = 0;
		};
		AADEBDCD2D1B2AA10082307B /* Sources */ = {
			isa = PBXSourcesBuildPhase;
			buildActionMask = 2147483647;
			files = (
			);
			runOnlyForDeploymentPostprocessing = 0;
		};
		AADEBDD72D1B2AA10082307B /* Sources */ = {
			isa = PBXSourcesBuildPhase;
			buildActionMask = 2147483647;
			files = (
			);
			runOnlyForDeploymentPostprocessing = 0;
		};
/* End PBXSourcesBuildPhase section */

/* Begin PBXTargetDependency section */
		AADEBDD32D1B2AA10082307B /* PBXTargetDependency */ = {
			isa = PBXTargetDependency;
			target = AADEBDC02D1B2A9E0082307B /* hkkim_front */;
			targetProxy = AADEBDD22D1B2AA10082307B /* PBXContainerItemProxy */;
		};
		AADEBDDD2D1B2AA10082307B /* PBXTargetDependency */ = {
			isa = PBXTargetDependency;
			target = AADEBDC02D1B2A9E0082307B /* hkkim_front */;
			targetProxy = AADEBDDC2D1B2AA10082307B /* PBXContainerItemProxy */;
		};
/* End PBXTargetDependency section */

/* Begin XCBuildConfiguration section */
		AADEBDE32D1B2AA10082307B /* Debug */ = {
			isa = XCBuildConfiguration;
			buildSettings = {
				ALWAYS_SEARCH_USER_PATHS = NO;
				ASSETCATALOG_COMPILER_GENERATE_SWIFT_ASSET_SYMBOL_EXTENSIONS = YES;
				CLANG_ANALYZER_NONNULL = YES;
				CLANG_ANALYZER_NUMBER_OBJECT_CONVERSION = YES_AGGRESSIVE;
				CLANG_CXX_LANGUAGE_STANDARD = "gnu++20";
				CLANG_ENABLE_MODULES = YES;
				CLANG_ENABLE_OBJC_ARC = YES;
				CLANG_ENABLE_OBJC_WEAK = YES;
				CLANG_WARN_BLOCK_CAPTURE_AUTORELEASING = YES;
				CLANG_WARN_BOOL_CONVERSION = YES;
				CLANG_WARN_COMMA = YES;
				CLANG_WARN_CONSTANT_CONVERSION = YES;
				CLANG_WARN_DEPRECATED_OBJC_IMPLEMENTATIONS = YES;
				CLANG_WARN_DIRECT_OBJC_ISA_USAGE = YES_ERROR;
				CLANG_WARN_DOCUMENTATION_COMMENTS = YES;
				CLANG_WARN_EMPTY_BODY = YES;
				CLANG_WARN_ENUM_CONVERSION = YES;
				CLANG_WARN_INFINITE_RECURSION = YES;
				CLANG_WARN_INT_CONVERSION = YES;
				CLANG_WARN_NON_LITERAL_NULL_CONVERSION = YES;
				CLANG_WARN_OBJC_IMPLICIT_RETAIN_SELF = YES;
				CLANG_WARN_OBJC_LITERAL_CONVERSION = YES;
				CLANG_WARN_OBJC_ROOT_CLASS = YES_ERROR;
				CLANG_WARN_QUOTED_INCLUDE_IN_FRAMEWORK_HEADER = YES;
				CLANG_WARN_RANGE_LOOP_ANALYSIS = YES;
				CLANG_WARN_STRICT_PROTOTYPES = YES;
				CLANG_WARN_SUSPICIOUS_MOVE = YES;
				CLANG_WARN_UNGUARDED_AVAILABILITY = YES_AGGRESSIVE;
				CLANG_WARN_UNREACHABLE_CODE = YES;
				CLANG_WARN__DUPLICATE_METHOD_MATCH = YES;
				COPY_PHASE_STRIP = NO;
				DEBUG_INFORMATION_FORMAT = dwarf;
				ENABLE_STRICT_OBJC_MSGSEND = YES;
				ENABLE_TESTABILITY = YES;
				ENABLE_USER_SCRIPT_SANDBOXING = YES;
				GCC_C_LANGUAGE_STANDARD = gnu17;
				GCC_DYNAMIC_NO_PIC = NO;
				GCC_NO_COMMON_BLOCKS = YES;
				GCC_OPTIMIZATION_LEVEL = 0;
				GCC_PREPROCESSOR_DEFINITIONS = (
					"DEBUG=1",
					"$(inherited)",
				);
				GCC_WARN_64_TO_32_BIT_CONVERSION = YES;
				GCC_WARN_ABOUT_RETURN_TYPE = YES_ERROR;
				GCC_WARN_UNDECLARED_SELECTOR = YES;
				GCC_WARN_UNINITIALIZED_AUTOS = YES_AGGRESSIVE;
				GCC_WARN_UNUSED_FUNCTION = YES;
				GCC_WARN_UNUSED_VARIABLE = YES;
				IPHONEOS_DEPLOYMENT_TARGET = 18.0;
				LOCALIZATION_PREFERS_STRING_CATALOGS = YES;
				MTL_ENABLE_DEBUG_INFO = INCLUDE_SOURCE;
				MTL_FAST_MATH = YES;
				ONLY_ACTIVE_ARCH = YES;
				SDKROOT = iphoneos;
				SWIFT_ACTIVE_COMPILATION_CONDITIONS = "DEBUG $(inherited)";
				SWIFT_OPTIMIZATION_LEVEL = "-Onone";
			};
			name = Debug;
		};
		AADEBDE42D1B2AA10082307B /* Release */ = {
			isa = XCBuildConfiguration;
			buildSettings = {
				ALWAYS_SEARCH_USER_PATHS = NO;
				ASSETCATALOG_COMPILER_GENERATE_SWIFT_ASSET_SYMBOL_EXTENSIONS = YES;
				CLANG_ANALYZER_NONNULL = YES;
				CLANG_ANALYZER_NUMBER_OBJECT_CONVERSION = YES_AGGRESSIVE;
				CLANG_CXX_LANGUAGE_STANDARD = "gnu++20";
				CLANG_ENABLE_MODULES = YES;
				CLANG_ENABLE_OBJC_ARC = YES;
				CLANG_ENABLE_OBJC_WEAK = YES;
				CLANG_WARN_BLOCK_CAPTURE_AUTORELEASING = YES;
				CLANG_WARN_BOOL_CONVERSION = YES;
				CLANG_WARN_COMMA = YES;
				CLANG_WARN_CONSTANT_CONVERSION = YES;
				CLANG_WARN_DEPRECATED_OBJC_IMPLEMENTATIONS = YES;
				CLANG_WARN_DIRECT_OBJC_ISA_USAGE = YES_ERROR;
				CLANG_WARN_DOCUMENTATION_COMMENTS = YES;
				CLANG_WARN_EMPTY_BODY = YES;
				CLANG_WARN_ENUM_CONVERSION = YES;
				CLANG_WARN_INFINITE_RECURSION = YES;
				CLANG_WARN_INT_CONVERSION = YES;
				CLANG_WARN_NON_LITERAL_NULL_CONVERSION = YES;
				CLANG_WARN_OBJC_IMPLICIT_RETAIN_SELF = YES;
				CLANG_WARN_OBJC_LITERAL_CONVERSION = YES;
				CLANG_WARN_OBJC_ROOT_CLASS = YES_ERROR;
				CLANG_WARN_QUOTED_INCLUDE_IN_FRAMEWORK_HEADER = YES;
				CLANG_WARN_RANGE_LOOP_ANALYSIS = YES;
				CLANG_WARN_STRICT_PROTOTYPES = YES;
				CLANG_WARN_SUSPICIOUS_MOVE = YES;
				CLANG_WARN_UNGUARDED_AVAILABILITY = YES_AGGRESSIVE;
				CLANG_WARN_UNREACHABLE_CODE = YES;
				CLANG_WARN__DUPLICATE_METHOD_MATCH = YES;
				COPY_PHASE_STRIP = NO;
				DEBUG_INFORMATION_FORMAT = "dwarf-with-dsym";
				ENABLE_NS_ASSERTIONS = NO;
				ENABLE_STRICT_OBJC_MSGSEND = YES;
				ENABLE_USER_SCRIPT_SANDBOXING = YES;
				GCC_C_LANGUAGE_STANDARD = gnu17;
				GCC_NO_COMMON_BLOCKS = YES;
				GCC_WARN_64_TO_32_BIT_CONVERSION = YES;
				GCC_WARN_ABOUT_RETURN_TYPE = YES_ERROR;
				GCC_WARN_UNDECLARED_SELECTOR = YES;
				GCC_WARN_UNINITIALIZED_AUTOS = YES_AGGRESSIVE;
				GCC_WARN_UNUSED_FUNCTION = YES;
				GCC_WARN_UNUSED_VARIABLE = YES;
				IPHONEOS_DEPLOYMENT_TARGET = 18.0;
				LOCALIZATION_PREFERS_STRING_CATALOGS = YES;
				MTL_ENABLE_DEBUG_INFO = NO;
				MTL_FAST_MATH = YES;
				SDKROOT = iphoneos;
				SWIFT_COMPILATION_MODE = wholemodule;
				VALIDATE_PRODUCT = YES;
			};
			name = Release;
		};
		AADEBDE62D1B2AA10082307B /* Debug */ = {
			isa = XCBuildConfiguration;
			buildSettings = {
				ASSETCATALOG_COMPILER_APPICON_NAME = AppIcon;
				ASSETCATALOG_COMPILER_GLOBAL_ACCENT_COLOR_NAME = AccentColor;
				CODE_SIGN_STYLE = Automatic;
				CURRENT_PROJECT_VERSION = 1;
				DEVELOPMENT_ASSET_PATHS = "\"hkkim_front/Preview Content\"";
				DEVELOPMENT_TEAM = T638N296XJ;
				ENABLE_PREVIEWS = YES;
				GENERATE_INFOPLIST_FILE = YES;
				INFOPLIST_KEY_CFBundleDisplayName = "같이의가치";
				INFOPLIST_KEY_UIApplicationSceneManifest_Generation = YES;
				INFOPLIST_KEY_UIApplicationSupportsIndirectInputEvents = YES;
				INFOPLIST_KEY_UILaunchScreen_Generation = YES;
				INFOPLIST_KEY_UISupportedInterfaceOrientations_iPad = "UIInterfaceOrientationPortrait UIInterfaceOrientationPortraitUpsideDown UIInterfaceOrientationLandscapeLeft UIInterfaceOrientationLandscapeRight";
				INFOPLIST_KEY_UISupportedInterfaceOrientations_iPhone = "UIInterfaceOrientationPortrait UIInterfaceOrientationLandscapeLeft UIInterfaceOrientationLandscapeRight";
				LD_RUNPATH_SEARCH_PATHS = (
					"$(inherited)",
					"@executable_path/Frameworks",
				);
				MARKETING_VERSION = 1.0;
				PRODUCT_BUNDLE_IDENTIFIER = hkkimFront;
				PRODUCT_NAME = "$(TARGET_NAME)";
				SWIFT_EMIT_LOC_STRINGS = YES;
				SWIFT_VERSION = 5.0;
				TARGETED_DEVICE_FAMILY = "1,2";
			};
			name = Debug;
		};
		AADEBDE72D1B2AA10082307B /* Release */ = {
			isa = XCBuildConfiguration;
			buildSettings = {
				ASSETCATALOG_COMPILER_APPICON_NAME = AppIcon;
				ASSETCATALOG_COMPILER_GLOBAL_ACCENT_COLOR_NAME = AccentColor;
				CODE_SIGN_STYLE = Automatic;
				CURRENT_PROJECT_VERSION = 1;
				DEVELOPMENT_ASSET_PATHS = "\"hkkim_front/Preview Content\"";
				DEVELOPMENT_TEAM = T638N296XJ;
				ENABLE_PREVIEWS = YES;
				GENERATE_INFOPLIST_FILE = YES;
				INFOPLIST_KEY_CFBundleDisplayName = "같이의가치";
				INFOPLIST_KEY_UIApplicationSceneManifest_Generation = YES;
				INFOPLIST_KEY_UIApplicationSupportsIndirectInputEvents = YES;
				INFOPLIST_KEY_UILaunchScreen_Generation = YES;
				INFOPLIST_KEY_UISupportedInterfaceOrientations_iPad = "UIInterfaceOrientationPortrait UIInterfaceOrientationPortraitUpsideDown UIInterfaceOrientationLandscapeLeft UIInterfaceOrientationLandscapeRight";
				INFOPLIST_KEY_UISupportedInterfaceOrientations_iPhone = "UIInterfaceOrientationPortrait UIInterfaceOrientationLandscapeLeft UIInterfaceOrientationLandscapeRight";
				LD_RUNPATH_SEARCH_PATHS = (
					"$(inherited)",
					"@executable_path/Frameworks",
				);
				MARKETING_VERSION = 1.0;
				PRODUCT_BUNDLE_IDENTIFIER = hkkimFront;
				PRODUCT_NAME = "$(TARGET_NAME)";
				SWIFT_EMIT_LOC_STRINGS = YES;
				SWIFT_VERSION = 5.0;
				TARGETED_DEVICE_FAMILY = "1,2";
			};
			name = Release;
		};
		AADEBDE92D1B2AA10082307B /* Debug */ = {
			isa = XCBuildConfiguration;
			buildSettings = {
				BUNDLE_LOADER = "$(TEST_HOST)";
				CODE_SIGN_STYLE = Automatic;
				CURRENT_PROJECT_VERSION = 1;
				DEVELOPMENT_TEAM = T638N296XJ;
				GENERATE_INFOPLIST_FILE = YES;
				IPHONEOS_DEPLOYMENT_TARGET = 18.0;
				MARKETING_VERSION = 1.0;
				PRODUCT_BUNDLE_IDENTIFIER = "hyu-gProject.hkkim-frontTests";
				PRODUCT_NAME = "$(TARGET_NAME)";
				SWIFT_EMIT_LOC_STRINGS = NO;
				SWIFT_VERSION = 5.0;
				TARGETED_DEVICE_FAMILY = "1,2";
				TEST_HOST = "$(BUILT_PRODUCTS_DIR)/hkkim_front.app/$(BUNDLE_EXECUTABLE_FOLDER_PATH)/hkkim_front";
			};
			name = Debug;
		};
		AADEBDEA2D1B2AA10082307B /* Release */ = {
			isa = XCBuildConfiguration;
			buildSettings = {
				BUNDLE_LOADER = "$(TEST_HOST)";
				CODE_SIGN_STYLE = Automatic;
				CURRENT_PROJECT_VERSION = 1;
				DEVELOPMENT_TEAM = T638N296XJ;
				GENERATE_INFOPLIST_FILE = YES;
				IPHONEOS_DEPLOYMENT_TARGET = 18.0;
				MARKETING_VERSION = 1.0;
				PRODUCT_BUNDLE_IDENTIFIER = "hyu-gProject.hkkim-frontTests";
				PRODUCT_NAME = "$(TARGET_NAME)";
				SWIFT_EMIT_LOC_STRINGS = NO;
				SWIFT_VERSION = 5.0;
				TARGETED_DEVICE_FAMILY = "1,2";
				TEST_HOST = "$(BUILT_PRODUCTS_DIR)/hkkim_front.app/$(BUNDLE_EXECUTABLE_FOLDER_PATH)/hkkim_front";
			};
			name = Release;
		};
		AADEBDEC2D1B2AA10082307B /* Debug */ = {
			isa = XCBuildConfiguration;
			buildSettings = {
				CODE_SIGN_STYLE = Automatic;
				CURRENT_PROJECT_VERSION = 1;
				DEVELOPMENT_TEAM = T638N296XJ;
				GENERATE_INFOPLIST_FILE = YES;
				MARKETING_VERSION = 1.0;
				PRODUCT_BUNDLE_IDENTIFIER = "hyu-gProject.hkkim-frontUITests";
				PRODUCT_NAME = "$(TARGET_NAME)";
				SWIFT_EMIT_LOC_STRINGS = NO;
				SWIFT_VERSION = 5.0;
				TARGETED_DEVICE_FAMILY = "1,2";
				TEST_TARGET_NAME = hkkim_front;
			};
			name = Debug;
		};
		AADEBDED2D1B2AA10082307B /* Release */ = {
			isa = XCBuildConfiguration;
			buildSettings = {
				CODE_SIGN_STYLE = Automatic;
				CURRENT_PROJECT_VERSION = 1;
				DEVELOPMENT_TEAM = T638N296XJ;
				GENERATE_INFOPLIST_FILE = YES;
				MARKETING_VERSION = 1.0;
				PRODUCT_BUNDLE_IDENTIFIER = "hyu-gProject.hkkim-frontUITests";
				PRODUCT_NAME = "$(TARGET_NAME)";
				SWIFT_EMIT_LOC_STRINGS = NO;
				SWIFT_VERSION = 5.0;
				TARGETED_DEVICE_FAMILY = "1,2";
				TEST_TARGET_NAME = hkkim_front;
			};
			name = Release;
		};
/* End XCBuildConfiguration section */

/* Begin XCConfigurationList section */
		AADEBDBC2D1B2A9E0082307B /* Build configuration list for PBXProject "hkkim_front" */ = {
			isa = XCConfigurationList;
			buildConfigurations = (
				AADEBDE32D1B2AA10082307B /* Debug */,
				AADEBDE42D1B2AA10082307B /* Release */,
			);
			defaultConfigurationIsVisible = 0;
			defaultConfigurationName = Release;
		};
		AADEBDE52D1B2AA10082307B /* Build configuration list for PBXNativeTarget "hkkim_front" */ = {
			isa = XCConfigurationList;
			buildConfigurations = (
				AADEBDE62D1B2AA10082307B /* Debug */,
				AADEBDE72D1B2AA10082307B /* Release */,
			);
			defaultConfigurationIsVisible = 0;
			defaultConfigurationName = Release;
		};
		AADEBDE82D1B2AA10082307B /* Build configuration list for PBXNativeTarget "hkkim_frontTests" */ = {
			isa = XCConfigurationList;
			buildConfigurations = (
				AADEBDE92D1B2AA10082307B /* Debug */,
				AADEBDEA2D1B2AA10082307B /* Release */,
			);
			defaultConfigurationIsVisible = 0;
			defaultConfigurationName = Release;
		};
		AADEBDEB2D1B2AA10082307B /* Build configuration list for PBXNativeTarget "hkkim_frontUITests" */ = {
			isa = XCConfigurationList;
			buildConfigurations = (
				AADEBDEC2D1B2AA10082307B /* Debug */,
				AADEBDED2D1B2AA10082307B /* Release */,
			);
			defaultConfigurationIsVisible = 0;
			defaultConfigurationName = Release;
		};
/* End XCConfigurationList section */

/* Begin XCRemoteSwiftPackageReference section */
		AADEBE752D1B2CFE0082307B /* XCRemoteSwiftPackageReference "GoogleSignIn-iOS" */ = {
			isa = XCRemoteSwiftPackageReference;
			repositoryURL = "https://github.com/google/GoogleSignIn-iOS.git";
			requirement = {
				kind = upToNextMajorVersion;
				minimumVersion = 8.0.0;
			};
		};
		AADEBE7A2D1B2D2D0082307B /* XCRemoteSwiftPackageReference "firebase-ios-sdk" */ = {
			isa = XCRemoteSwiftPackageReference;
			repositoryURL = "https://github.com/firebase/firebase-ios-sdk";
			requirement = {
				kind = upToNextMajorVersion;
				minimumVersion = 11.6.0;
			};
		};
/* End XCRemoteSwiftPackageReference section */

/* Begin XCSwiftPackageProductDependency section */
		7869A98F2D1D354D00DA962D /* FirebaseStorage */ = {
			isa = XCSwiftPackageProductDependency;
			package = AADEBE7A2D1B2D2D0082307B /* XCRemoteSwiftPackageReference "firebase-ios-sdk" */;
			productName = FirebaseStorage;
		};
		AADB16AE2D1CF6A3000C5C14 /* FirebaseFunctions */ = {
			isa = XCSwiftPackageProductDependency;
			package = AADEBE7A2D1B2D2D0082307B /* XCRemoteSwiftPackageReference "firebase-ios-sdk" */;
			productName = FirebaseFunctions;
		};
		AADEBE762D1B2CFE0082307B /* GoogleSignIn */ = {
			isa = XCSwiftPackageProductDependency;
			package = AADEBE752D1B2CFE0082307B /* XCRemoteSwiftPackageReference "GoogleSignIn-iOS" */;
			productName = GoogleSignIn;
		};
		AADEBE782D1B2CFE0082307B /* GoogleSignInSwift */ = {
			isa = XCSwiftPackageProductDependency;
			package = AADEBE752D1B2CFE0082307B /* XCRemoteSwiftPackageReference "GoogleSignIn-iOS" */;
			productName = GoogleSignInSwift;
		};
		AADEBE7B2D1B2D2D0082307B /* FirebaseAuth */ = {
			isa = XCSwiftPackageProductDependency;
			package = AADEBE7A2D1B2D2D0082307B /* XCRemoteSwiftPackageReference "firebase-ios-sdk" */;
			productName = FirebaseAuth;
		};
		AADEBE7D2D1B2D2D0082307B /* FirebaseCore */ = {
			isa = XCSwiftPackageProductDependency;
			package = AADEBE7A2D1B2D2D0082307B /* XCRemoteSwiftPackageReference "firebase-ios-sdk" */;
			productName = FirebaseCore;
		};
		AADEBE7F2D1B2D2D0082307B /* FirebaseFirestore */ = {
			isa = XCSwiftPackageProductDependency;
			package = AADEBE7A2D1B2D2D0082307B /* XCRemoteSwiftPackageReference "firebase-ios-sdk" */;
			productName = FirebaseFirestore;
		};
/* End XCSwiftPackageProductDependency section */
	};
	rootObject = AADEBDB92D1B2A9E0082307B /* Project object */;
}
